{
  "name": "speech-sdk-quickstart-node",
  "version": "1.0.0",
  "lockfileVersion": 1,
  "requires": true,
  "dependencies": {
    "@types/events": {
      "version": "1.2.0",
      "resolved": "http://registry.npmjs.org/@types/events/-/events-1.2.0.tgz",
      "integrity": "sha512-KEIlhXnIutzKwRbQkGWb/I4HFqBuUykAdHgDED6xqwXJfONCjF5VoE0cXEiurh3XauygxzeDzgtXUqvLkxFzzA=="
    },
    "@types/node": {
      "version": "10.12.17",
      "resolved": "https://registry.npmjs.org/@types/node/-/node-10.12.17.tgz",
      "integrity": "sha512-umSCRkjWH70uNzFiOof5yxCqrMXIBJ9UJJUzbEsmtWt8apURQh06pylGMqnhdjHGJSeoBrhzk+mibu6NgL1oBA=="
    },
    "@types/ws": {
      "version": "6.0.1",
      "resolved": "https://registry.npmjs.org/@types/ws/-/ws-6.0.1.tgz",
      "integrity": "sha512-EzH8k1gyZ4xih/MaZTXwT2xOkPiIMSrhQ9b8wrlX88L0T02eYsddatQlwVFlEPyEqV0ChpdpNnE51QPH6NVT4Q==",
      "requires": {
        "@types/events": "*",
        "@types/node": "*"
      }
    },
    "async-limiter": {
      "version": "1.0.0",
      "resolved": "https://registry.npmjs.org/async-limiter/-/async-limiter-1.0.0.tgz",
      "integrity": "sha512-jp/uFnooOiO+L211eZOoSyzpOITMXx1rBITauYykG3BRYPu8h0UcxsPNB04RR5vo4Tyz3+ay17tR6JVf9qzYWg=="
    },
    "microsoft-cognitiveservices-speech-sdk": {
      "version": "1.3.0",
      "resolved": "https://registry.npmjs.org/microsoft-cognitiveservices-speech-sdk/-/microsoft-cognitiveservices-speech-sdk-1.3.0.tgz",
      "integrity": "sha512-sON3bhte0XZM1vIYeCArFnmy4vldzFbSD6zlaJnsK2a4EXT10ldMaMEfp0TESJoQzelhGsIO6s0lFFnPAiZtag==",
      "requires": {
        "@types/ws": "^6.0.1",
        "ws": "^6.1.2"
      }
    },
    "ws": {
      "version": "6.1.2",
      "resolved": "https://registry.npmjs.org/ws/-/ws-6.1.2.tgz",
      "integrity": "sha512-rfUqzvz0WxmSXtJpPMX2EeASXabOrSMk1ruMOV3JBTBjo4ac2lDjGGsbQSyxj8Odhw5fBib8ZKEjDNvgouNKYw==",
      "requires": {
        "async-limiter": "~1.0.0"
      }
    }
  }
}
