Microsoft Visual Studio Solution File, Format Version 12.00
# Visual Studio Version 16
VisualStudioVersion = 16.0.30223.230
MinimumVisualStudioVersion = 10.0.40219.1
Project("{9A19103F-16F7-4668-BE54-9A1E7A4F7556}") = "BatchClient", "batchclient\batchclient.csproj", "{00E5B4E3-3A13-4298-AAE3-FFA47A6740C2}"
EndProject
Project("{FAE04EC0-301F-11D3-BF4B-00C04F79EFBC}") = "WebHookReceiver", "webhookreceiver\webhookreceiver.csproj", "{BE69527F-7258-4297-B757-55A5746D72E7}"
EndProject
Global
	GlobalSection(SolutionConfigurationPlatforms) = preSolution
		Debug|Any CPU = Debug|Any CPU
		Release|Any CPU = Release|Any CPU
	EndGlobalSection
	GlobalSection(ProjectConfigurationPlatforms) = postSolution
		{00E5B4E3-3A13-4298-AAE3-FFA47A6740C2}.Debug|Any CPU.ActiveCfg = Debug|Any CPU
		{00E5B4E3-3A13-4298-AAE3-FFA47A6740C2}.Debug|Any CPU.Build.0 = Debug|Any CPU
		{00E5B4E3-3A13-4298-AAE3-FFA47A6740C2}.Release|Any CPU.ActiveCfg = Release|Any CPU
		{00E5B4E3-3A13-4298-AAE3-FFA47A6740C2}.Release|Any CPU.Build.0 = Release|Any CPU
		{BE69527F-7258-4297-B757-55A5746D72E7}.Debug|Any CPU.ActiveCfg = Debug|Any CPU
		{BE69527F-7258-4297-B757-55A5746D72E7}.Debug|Any CPU.Build.0 = Debug|Any CPU
		{BE69527F-7258-4297-B757-55A5746D72E7}.Release|Any CPU.ActiveCfg = Release|Any CPU
		{BE69527F-7258-4297-B757-55A5746D72E7}.Release|Any CPU.Build.0 = Release|Any CPU
	EndGlobalSection
	GlobalSection(SolutionProperties) = preSolution
		HideSolutionNode = FALSE
	EndGlobalSection
	GlobalSection(ExtensibilityGlobals) = postSolution
		SolutionGuid = {65D919F6-93D9-4079-A488-D1AE535A836D}
	EndGlobalSection
EndGlobal
