
Microsoft Visual Studio Solution File, Format Version 12.00
# Visual Studio 15
VisualStudioVersion = 15.0.28307.757
MinimumVisualStudioVersion = 10.0.40219.1
Project("{FAE04EC0-301F-11D3-BF4B-00C04F79EFBC}") = "helloworld.Android", "helloworld\helloworld.Android\helloworld.Android.csproj", "{DEE47DE4-F3DF-4EF7-9666-1539548AA922}"
EndProject
Project("{FAE04EC0-301F-11D3-BF4B-00C04F79EFBC}") = "helloworld.iOS", "helloworld\helloworld.iOS\helloworld.iOS.csproj", "{61BBD367-066D-4C9D-A097-30180F384543}"
EndProject
Project("{FAE04EC0-301F-11D3-BF4B-00C04F79EFBC}") = "helloworld.UWP", "helloworld\helloworld.UWP\helloworld.UWP.csproj", "{9FE2A550-9D9B-4B98-980D-D6F415A4691A}"
EndProject
Project("{FAE04EC0-301F-11D3-BF4B-00C04F79EFBC}") = "helloworld", "helloworld\helloworld\helloworld.csproj", "{68F69158-D3F6-4D15-A967-CE2D83FEA182}"
EndProject
Global
	GlobalSection(SolutionConfigurationPlatforms) = preSolution
		Ad-Hoc|Any CPU = Ad-Hoc|Any CPU
		Ad-Hoc|ARM = Ad-Hoc|ARM
		Ad-Hoc|iPhone = Ad-Hoc|iPhone
		Ad-Hoc|iPhoneSimulator = Ad-Hoc|iPhoneSimulator
		Ad-Hoc|x64 = Ad-Hoc|x64
		Ad-Hoc|x86 = Ad-Hoc|x86
		AppStore|Any CPU = AppStore|Any CPU
		AppStore|ARM = AppStore|ARM
		AppStore|iPhone = AppStore|iPhone
		AppStore|iPhoneSimulator = AppStore|iPhoneSimulator
		AppStore|x64 = AppStore|x64
		AppStore|x86 = AppStore|x86
		Debug|Any CPU = Debug|Any CPU
		Debug|ARM = Debug|ARM
		Debug|iPhone = Debug|iPhone
		Debug|iPhoneSimulator = Debug|iPhoneSimulator
		Debug|x64 = Debug|x64
		Debug|x86 = Debug|x86
		Release|Any CPU = Release|Any CPU
		Release|ARM = Release|ARM
		Release|iPhone = Release|iPhone
		Release|iPhoneSimulator = Release|iPhoneSimulator
		Release|x64 = Release|x64
		Release|x86 = Release|x86
	EndGlobalSection
	GlobalSection(ProjectConfigurationPlatforms) = postSolution
		{DEE47DE4-F3DF-4EF7-9666-1539548AA922}.Ad-Hoc|Any CPU.ActiveCfg = Release|Any CPU
		{DEE47DE4-F3DF-4EF7-9666-1539548AA922}.Ad-Hoc|Any CPU.Build.0 = Release|Any CPU
		{DEE47DE4-F3DF-4EF7-9666-1539548AA922}.Ad-Hoc|Any CPU.Deploy.0 = Release|Any CPU
		{DEE47DE4-F3DF-4EF7-9666-1539548AA922}.Ad-Hoc|ARM.ActiveCfg = Release|Any CPU
		{DEE47DE4-F3DF-4EF7-9666-1539548AA922}.Ad-Hoc|ARM.Build.0 = Release|Any CPU
		{DEE47DE4-F3DF-4EF7-9666-1539548AA922}.Ad-Hoc|ARM.Deploy.0 = Release|Any CPU
		{DEE47DE4-F3DF-4EF7-9666-1539548AA922}.Ad-Hoc|iPhone.ActiveCfg = Release|Any CPU
		{DEE47DE4-F3DF-4EF7-9666-1539548AA922}.Ad-Hoc|iPhone.Build.0 = Release|Any CPU
		{DEE47DE4-F3DF-4EF7-9666-1539548AA922}.Ad-Hoc|iPhone.Deploy.0 = Release|Any CPU
		{DEE47DE4-F3DF-4EF7-9666-1539548AA922}.Ad-Hoc|iPhoneSimulator.ActiveCfg = Release|Any CPU
		{DEE47DE4-F3DF-4EF7-9666-1539548AA922}.Ad-Hoc|iPhoneSimulator.Build.0 = Release|Any CPU
		{DEE47DE4-F3DF-4EF7-9666-1539548AA922}.Ad-Hoc|iPhoneSimulator.Deploy.0 = Release|Any CPU
		{DEE47DE4-F3DF-4EF7-9666-1539548AA922}.Ad-Hoc|x64.ActiveCfg = Release|Any CPU
		{DEE47DE4-F3DF-4EF7-9666-1539548AA922}.Ad-Hoc|x64.Build.0 = Release|Any CPU
		{DEE47DE4-F3DF-4EF7-9666-1539548AA922}.Ad-Hoc|x64.Deploy.0 = Release|Any CPU
		{DEE47DE4-F3DF-4EF7-9666-1539548AA922}.Ad-Hoc|x86.ActiveCfg = Release|Any CPU
		{DEE47DE4-F3DF-4EF7-9666-1539548AA922}.Ad-Hoc|x86.Build.0 = Release|Any CPU
		{DEE47DE4-F3DF-4EF7-9666-1539548AA922}.Ad-Hoc|x86.Deploy.0 = Release|Any CPU
		{DEE47DE4-F3DF-4EF7-9666-1539548AA922}.AppStore|Any CPU.ActiveCfg = Release|Any CPU
		{DEE47DE4-F3DF-4EF7-9666-1539548AA922}.AppStore|Any CPU.Build.0 = Release|Any CPU
		{DEE47DE4-F3DF-4EF7-9666-1539548AA922}.AppStore|Any CPU.Deploy.0 = Release|Any CPU
		{DEE47DE4-F3DF-4EF7-9666-1539548AA922}.AppStore|ARM.ActiveCfg = Release|Any CPU
		{DEE47DE4-F3DF-4EF7-9666-1539548AA922}.AppStore|ARM.Build.0 = Release|Any CPU
		{DEE47DE4-F3DF-4EF7-9666-1539548AA922}.AppStore|ARM.Deploy.0 = Release|Any CPU
		{DEE47DE4-F3DF-4EF7-9666-1539548AA922}.AppStore|iPhone.ActiveCfg = Release|Any CPU
		{DEE47DE4-F3DF-4EF7-9666-1539548AA922}.AppStore|iPhone.Build.0 = Release|Any CPU
		{DEE47DE4-F3DF-4EF7-9666-1539548AA922}.AppStore|iPhone.Deploy.0 = Release|Any CPU
		{DEE47DE4-F3DF-4EF7-9666-1539548AA922}.AppStore|iPhoneSimulator.ActiveCfg = Release|Any CPU
		{DEE47DE4-F3DF-4EF7-9666-1539548AA922}.AppStore|iPhoneSimulator.Build.0 = Release|Any CPU
		{DEE47DE4-F3DF-4EF7-9666-1539548AA922}.AppStore|iPhoneSimulator.Deploy.0 = Release|Any CPU
		{DEE47DE4-F3DF-4EF7-9666-1539548AA922}.AppStore|x64.ActiveCfg = Release|Any CPU
		{DEE47DE4-F3DF-4EF7-9666-1539548AA922}.AppStore|x64.Build.0 = Release|Any CPU
		{DEE47DE4-F3DF-4EF7-9666-1539548AA922}.AppStore|x64.Deploy.0 = Release|Any CPU
		{DEE47DE4-F3DF-4EF7-9666-1539548AA922}.AppStore|x86.ActiveCfg = Release|Any CPU
		{DEE47DE4-F3DF-4EF7-9666-1539548AA922}.AppStore|x86.Build.0 = Release|Any CPU
		{DEE47DE4-F3DF-4EF7-9666-1539548AA922}.AppStore|x86.Deploy.0 = Release|Any CPU
		{DEE47DE4-F3DF-4EF7-9666-1539548AA922}.Debug|Any CPU.ActiveCfg = Debug|Any CPU
		{DEE47DE4-F3DF-4EF7-9666-1539548AA922}.Debug|Any CPU.Build.0 = Debug|Any CPU
		{DEE47DE4-F3DF-4EF7-9666-1539548AA922}.Debug|Any CPU.Deploy.0 = Debug|Any CPU
		{DEE47DE4-F3DF-4EF7-9666-1539548AA922}.Debug|ARM.ActiveCfg = Debug|Any CPU
		{DEE47DE4-F3DF-4EF7-9666-1539548AA922}.Debug|ARM.Build.0 = Debug|Any CPU
		{DEE47DE4-F3DF-4EF7-9666-1539548AA922}.Debug|ARM.Deploy.0 = Debug|Any CPU
		{DEE47DE4-F3DF-4EF7-9666-1539548AA922}.Debug|iPhone.ActiveCfg = Debug|Any CPU
		{DEE47DE4-F3DF-4EF7-9666-1539548AA922}.Debug|iPhone.Build.0 = Debug|Any CPU
		{DEE47DE4-F3DF-4EF7-9666-1539548AA922}.Debug|iPhone.Deploy.0 = Debug|Any CPU
		{DEE47DE4-F3DF-4EF7-9666-1539548AA922}.Debug|iPhoneSimulator.ActiveCfg = Debug|Any CPU
		{DEE47DE4-F3DF-4EF7-9666-1539548AA922}.Debug|iPhoneSimulator.Build.0 = Debug|Any CPU
		{DEE47DE4-F3DF-4EF7-9666-1539548AA922}.Debug|iPhoneSimulator.Deploy.0 = Debug|Any CPU
		{DEE47DE4-F3DF-4EF7-9666-1539548AA922}.Debug|x64.ActiveCfg = Debug|Any CPU
		{DEE47DE4-F3DF-4EF7-9666-1539548AA922}.Debug|x64.Build.0 = Debug|Any CPU
		{DEE47DE4-F3DF-4EF7-9666-1539548AA922}.Debug|x64.Deploy.0 = Debug|Any CPU
		{DEE47DE4-F3DF-4EF7-9666-1539548AA922}.Debug|x86.ActiveCfg = Debug|Any CPU
		{DEE47DE4-F3DF-4EF7-9666-1539548AA922}.Debug|x86.Build.0 = Debug|Any CPU
		{DEE47DE4-F3DF-4EF7-9666-1539548AA922}.Debug|x86.Deploy.0 = Debug|Any CPU
		{DEE47DE4-F3DF-4EF7-9666-1539548AA922}.Release|Any CPU.ActiveCfg = Release|Any CPU
		{DEE47DE4-F3DF-4EF7-9666-1539548AA922}.Release|Any CPU.Build.0 = Release|Any CPU
		{DEE47DE4-F3DF-4EF7-9666-1539548AA922}.Release|Any CPU.Deploy.0 = Release|Any CPU
		{DEE47DE4-F3DF-4EF7-9666-1539548AA922}.Release|ARM.ActiveCfg = Release|Any CPU
		{DEE47DE4-F3DF-4EF7-9666-1539548AA922}.Release|ARM.Build.0 = Release|Any CPU
		{DEE47DE4-F3DF-4EF7-9666-1539548AA922}.Release|ARM.Deploy.0 = Release|Any CPU
		{DEE47DE4-F3DF-4EF7-9666-1539548AA922}.Release|iPhone.ActiveCfg = Release|Any CPU
		{DEE47DE4-F3DF-4EF7-9666-1539548AA922}.Release|iPhone.Build.0 = Release|Any CPU
		{DEE47DE4-F3DF-4EF7-9666-1539548AA922}.Release|iPhone.Deploy.0 = Release|Any CPU
		{DEE47DE4-F3DF-4EF7-9666-1539548AA922}.Release|iPhoneSimulator.ActiveCfg = Release|Any CPU
		{DEE47DE4-F3DF-4EF7-9666-1539548AA922}.Release|iPhoneSimulator.Build.0 = Release|Any CPU
		{DEE47DE4-F3DF-4EF7-9666-1539548AA922}.Release|iPhoneSimulator.Deploy.0 = Release|Any CPU
		{DEE47DE4-F3DF-4EF7-9666-1539548AA922}.Release|x64.ActiveCfg = Release|Any CPU
		{DEE47DE4-F3DF-4EF7-9666-1539548AA922}.Release|x64.Build.0 = Release|Any CPU
		{DEE47DE4-F3DF-4EF7-9666-1539548AA922}.Release|x64.Deploy.0 = Release|Any CPU
		{DEE47DE4-F3DF-4EF7-9666-1539548AA922}.Release|x86.ActiveCfg = Release|Any CPU
		{DEE47DE4-F3DF-4EF7-9666-1539548AA922}.Release|x86.Build.0 = Release|Any CPU
		{DEE47DE4-F3DF-4EF7-9666-1539548AA922}.Release|x86.Deploy.0 = Release|Any CPU
		{61BBD367-066D-4C9D-A097-30180F384543}.Ad-Hoc|Any CPU.ActiveCfg = Ad-Hoc|iPhone
		{61BBD367-066D-4C9D-A097-30180F384543}.Ad-Hoc|Any CPU.Build.0 = Ad-Hoc|iPhone
		{61BBD367-066D-4C9D-A097-30180F384543}.Ad-Hoc|Any CPU.Deploy.0 = Ad-Hoc|iPhone
		{61BBD367-066D-4C9D-A097-30180F384543}.Ad-Hoc|ARM.ActiveCfg = Ad-Hoc|iPhone
		{61BBD367-066D-4C9D-A097-30180F384543}.Ad-Hoc|ARM.Build.0 = Ad-Hoc|iPhone
		{61BBD367-066D-4C9D-A097-30180F384543}.Ad-Hoc|ARM.Deploy.0 = Ad-Hoc|iPhone
		{61BBD367-066D-4C9D-A097-30180F384543}.Ad-Hoc|iPhone.ActiveCfg = Ad-Hoc|iPhone
		{61BBD367-066D-4C9D-A097-30180F384543}.Ad-Hoc|iPhone.Build.0 = Ad-Hoc|iPhone
		{61BBD367-066D-4C9D-A097-30180F384543}.Ad-Hoc|iPhone.Deploy.0 = Ad-Hoc|iPhone
		{61BBD367-066D-4C9D-A097-30180F384543}.Ad-Hoc|iPhoneSimulator.ActiveCfg = Ad-Hoc|iPhoneSimulator
		{61BBD367-066D-4C9D-A097-30180F384543}.Ad-Hoc|iPhoneSimulator.Build.0 = Ad-Hoc|iPhoneSimulator
		{61BBD367-066D-4C9D-A097-30180F384543}.Ad-Hoc|iPhoneSimulator.Deploy.0 = Ad-Hoc|iPhoneSimulator
		{61BBD367-066D-4C9D-A097-30180F384543}.Ad-Hoc|x64.ActiveCfg = Ad-Hoc|iPhone
		{61BBD367-066D-4C9D-A097-30180F384543}.Ad-Hoc|x64.Build.0 = Ad-Hoc|iPhone
		{61BBD367-066D-4C9D-A097-30180F384543}.Ad-Hoc|x64.Deploy.0 = Ad-Hoc|iPhone
		{61BBD367-066D-4C9D-A097-30180F384543}.Ad-Hoc|x86.ActiveCfg = Ad-Hoc|iPhone
		{61BBD367-066D-4C9D-A097-30180F384543}.Ad-Hoc|x86.Build.0 = Ad-Hoc|iPhone
		{61BBD367-066D-4C9D-A097-30180F384543}.Ad-Hoc|x86.Deploy.0 = Ad-Hoc|iPhone
		{61BBD367-066D-4C9D-A097-30180F384543}.AppStore|Any CPU.ActiveCfg = AppStore|iPhone
		{61BBD367-066D-4C9D-A097-30180F384543}.AppStore|Any CPU.Build.0 = AppStore|iPhone
		{61BBD367-066D-4C9D-A097-30180F384543}.AppStore|Any CPU.Deploy.0 = AppStore|iPhone
		{61BBD367-066D-4C9D-A097-30180F384543}.AppStore|ARM.ActiveCfg = AppStore|iPhone
		{61BBD367-066D-4C9D-A097-30180F384543}.AppStore|ARM.Build.0 = AppStore|iPhone
		{61BBD367-066D-4C9D-A097-30180F384543}.AppStore|ARM.Deploy.0 = AppStore|iPhone
		{61BBD367-066D-4C9D-A097-30180F384543}.AppStore|iPhone.ActiveCfg = AppStore|iPhone
		{61BBD367-066D-4C9D-A097-30180F384543}.AppStore|iPhone.Build.0 = AppStore|iPhone
		{61BBD367-066D-4C9D-A097-30180F384543}.AppStore|iPhone.Deploy.0 = AppStore|iPhone
		{61BBD367-066D-4C9D-A097-30180F384543}.AppStore|iPhoneSimulator.ActiveCfg = AppStore|iPhoneSimulator
		{61BBD367-066D-4C9D-A097-30180F384543}.AppStore|iPhoneSimulator.Build.0 = AppStore|iPhoneSimulator
		{61BBD367-066D-4C9D-A097-30180F384543}.AppStore|iPhoneSimulator.Deploy.0 = AppStore|iPhoneSimulator
		{61BBD367-066D-4C9D-A097-30180F384543}.AppStore|x64.ActiveCfg = AppStore|iPhone
		{61BBD367-066D-4C9D-A097-30180F384543}.AppStore|x64.Build.0 = AppStore|iPhone
		{61BBD367-066D-4C9D-A097-30180F384543}.AppStore|x64.Deploy.0 = AppStore|iPhone
		{61BBD367-066D-4C9D-A097-30180F384543}.AppStore|x86.ActiveCfg = AppStore|iPhone
		{61BBD367-066D-4C9D-A097-30180F384543}.AppStore|x86.Build.0 = AppStore|iPhone
		{61BBD367-066D-4C9D-A097-30180F384543}.AppStore|x86.Deploy.0 = AppStore|iPhone
		{61BBD367-066D-4C9D-A097-30180F384543}.Debug|Any CPU.ActiveCfg = Debug|iPhoneSimulator
		{61BBD367-066D-4C9D-A097-30180F384543}.Debug|Any CPU.Build.0 = Debug|iPhoneSimulator
		{61BBD367-066D-4C9D-A097-30180F384543}.Debug|Any CPU.Deploy.0 = Debug|iPhoneSimulator
		{61BBD367-066D-4C9D-A097-30180F384543}.Debug|ARM.ActiveCfg = Debug|iPhone
		{61BBD367-066D-4C9D-A097-30180F384543}.Debug|ARM.Build.0 = Debug|iPhone
		{61BBD367-066D-4C9D-A097-30180F384543}.Debug|ARM.Deploy.0 = Debug|iPhone
		{61BBD367-066D-4C9D-A097-30180F384543}.Debug|iPhone.ActiveCfg = Debug|iPhone
		{61BBD367-066D-4C9D-A097-30180F384543}.Debug|iPhone.Build.0 = Debug|iPhone
		{61BBD367-066D-4C9D-A097-30180F384543}.Debug|iPhone.Deploy.0 = Debug|iPhone
		{61BBD367-066D-4C9D-A097-30180F384543}.Debug|iPhoneSimulator.ActiveCfg = Debug|iPhoneSimulator
		{61BBD367-066D-4C9D-A097-30180F384543}.Debug|iPhoneSimulator.Build.0 = Debug|iPhoneSimulator
		{61BBD367-066D-4C9D-A097-30180F384543}.Debug|iPhoneSimulator.Deploy.0 = Debug|iPhoneSimulator
		{61BBD367-066D-4C9D-A097-30180F384543}.Debug|x64.ActiveCfg = Debug|iPhone
		{61BBD367-066D-4C9D-A097-30180F384543}.Debug|x64.Build.0 = Debug|iPhone
		{61BBD367-066D-4C9D-A097-30180F384543}.Debug|x64.Deploy.0 = Debug|iPhone
		{61BBD367-066D-4C9D-A097-30180F384543}.Debug|x86.ActiveCfg = Debug|iPhone
		{61BBD367-066D-4C9D-A097-30180F384543}.Debug|x86.Build.0 = Debug|iPhone
		{61BBD367-066D-4C9D-A097-30180F384543}.Debug|x86.Deploy.0 = Debug|iPhone
		{61BBD367-066D-4C9D-A097-30180F384543}.Release|Any CPU.ActiveCfg = Release|iPhone
		{61BBD367-066D-4C9D-A097-30180F384543}.Release|Any CPU.Build.0 = Release|iPhone
		{61BBD367-066D-4C9D-A097-30180F384543}.Release|Any CPU.Deploy.0 = Release|iPhone
		{61BBD367-066D-4C9D-A097-30180F384543}.Release|ARM.ActiveCfg = Release|iPhone
		{61BBD367-066D-4C9D-A097-30180F384543}.Release|ARM.Build.0 = Release|iPhone
		{61BBD367-066D-4C9D-A097-30180F384543}.Release|ARM.Deploy.0 = Release|iPhone
		{61BBD367-066D-4C9D-A097-30180F384543}.Release|iPhone.ActiveCfg = Release|iPhone
		{61BBD367-066D-4C9D-A097-30180F384543}.Release|iPhone.Build.0 = Release|iPhone
		{61BBD367-066D-4C9D-A097-30180F384543}.Release|iPhone.Deploy.0 = Release|iPhone
		{61BBD367-066D-4C9D-A097-30180F384543}.Release|iPhoneSimulator.ActiveCfg = Release|iPhoneSimulator
		{61BBD367-066D-4C9D-A097-30180F384543}.Release|iPhoneSimulator.Build.0 = Release|iPhoneSimulator
		{61BBD367-066D-4C9D-A097-30180F384543}.Release|iPhoneSimulator.Deploy.0 = Release|iPhoneSimulator
		{61BBD367-066D-4C9D-A097-30180F384543}.Release|x64.ActiveCfg = Release|iPhone
		{61BBD367-066D-4C9D-A097-30180F384543}.Release|x64.Build.0 = Release|iPhone
		{61BBD367-066D-4C9D-A097-30180F384543}.Release|x64.Deploy.0 = Release|iPhone
		{61BBD367-066D-4C9D-A097-30180F384543}.Release|x86.ActiveCfg = Release|iPhone
		{61BBD367-066D-4C9D-A097-30180F384543}.Release|x86.Build.0 = Release|iPhone
		{61BBD367-066D-4C9D-A097-30180F384543}.Release|x86.Deploy.0 = Release|iPhone
		{9FE2A550-9D9B-4B98-980D-D6F415A4691A}.Ad-Hoc|Any CPU.ActiveCfg = Release|x86
		{9FE2A550-9D9B-4B98-980D-D6F415A4691A}.Ad-Hoc|Any CPU.Build.0 = Release|x86
		{9FE2A550-9D9B-4B98-980D-D6F415A4691A}.Ad-Hoc|Any CPU.Deploy.0 = Release|x86
		{9FE2A550-9D9B-4B98-980D-D6F415A4691A}.Ad-Hoc|ARM.ActiveCfg = Release|ARM
		{9FE2A550-9D9B-4B98-980D-D6F415A4691A}.Ad-Hoc|ARM.Build.0 = Release|ARM
		{9FE2A550-9D9B-4B98-980D-D6F415A4691A}.Ad-Hoc|ARM.Deploy.0 = Release|ARM
		{9FE2A550-9D9B-4B98-980D-D6F415A4691A}.Ad-Hoc|iPhone.ActiveCfg = Release|x86
		{9FE2A550-9D9B-4B98-980D-D6F415A4691A}.Ad-Hoc|iPhone.Build.0 = Release|x86
		{9FE2A550-9D9B-4B98-980D-D6F415A4691A}.Ad-Hoc|iPhone.Deploy.0 = Release|x86
		{9FE2A550-9D9B-4B98-980D-D6F415A4691A}.Ad-Hoc|iPhoneSimulator.ActiveCfg = Release|x86
		{9FE2A550-9D9B-4B98-980D-D6F415A4691A}.Ad-Hoc|iPhoneSimulator.Build.0 = Release|x86
		{9FE2A550-9D9B-4B98-980D-D6F415A4691A}.Ad-Hoc|iPhoneSimulator.Deploy.0 = Release|x86
		{9FE2A550-9D9B-4B98-980D-D6F415A4691A}.Ad-Hoc|x64.ActiveCfg = Release|x64
		{9FE2A550-9D9B-4B98-980D-D6F415A4691A}.Ad-Hoc|x64.Build.0 = Release|x64
		{9FE2A550-9D9B-4B98-980D-D6F415A4691A}.Ad-Hoc|x64.Deploy.0 = Release|x64
		{9FE2A550-9D9B-4B98-980D-D6F415A4691A}.Ad-Hoc|x86.ActiveCfg = Release|x86
		{9FE2A550-9D9B-4B98-980D-D6F415A4691A}.Ad-Hoc|x86.Build.0 = Release|x86
		{9FE2A550-9D9B-4B98-980D-D6F415A4691A}.Ad-Hoc|x86.Deploy.0 = Release|x86
		{9FE2A550-9D9B-4B98-980D-D6F415A4691A}.AppStore|Any CPU.ActiveCfg = Release|x86
		{9FE2A550-9D9B-4B98-980D-D6F415A4691A}.AppStore|Any CPU.Build.0 = Release|x86
		{9FE2A550-9D9B-4B98-980D-D6F415A4691A}.AppStore|Any CPU.Deploy.0 = Release|x86
		{9FE2A550-9D9B-4B98-980D-D6F415A4691A}.AppStore|ARM.ActiveCfg = Release|ARM
		{9FE2A550-9D9B-4B98-980D-D6F415A4691A}.AppStore|ARM.Build.0 = Release|ARM
		{9FE2A550-9D9B-4B98-980D-D6F415A4691A}.AppStore|ARM.Deploy.0 = Release|ARM
		{9FE2A550-9D9B-4B98-980D-D6F415A4691A}.AppStore|iPhone.ActiveCfg = Release|x86
		{9FE2A550-9D9B-4B98-980D-D6F415A4691A}.AppStore|iPhone.Build.0 = Release|x86
		{9FE2A550-9D9B-4B98-980D-D6F415A4691A}.AppStore|iPhone.Deploy.0 = Release|x86
		{9FE2A550-9D9B-4B98-980D-D6F415A4691A}.AppStore|iPhoneSimulator.ActiveCfg = Release|x86
		{9FE2A550-9D9B-4B98-980D-D6F415A4691A}.AppStore|iPhoneSimulator.Build.0 = Release|x86
		{9FE2A550-9D9B-4B98-980D-D6F415A4691A}.AppStore|iPhoneSimulator.Deploy.0 = Release|x86
		{9FE2A550-9D9B-4B98-980D-D6F415A4691A}.AppStore|x64.ActiveCfg = Release|x64
		{9FE2A550-9D9B-4B98-980D-D6F415A4691A}.AppStore|x64.Build.0 = Release|x64
		{9FE2A550-9D9B-4B98-980D-D6F415A4691A}.AppStore|x64.Deploy.0 = Release|x64
		{9FE2A550-9D9B-4B98-980D-D6F415A4691A}.AppStore|x86.ActiveCfg = Release|x86
		{9FE2A550-9D9B-4B98-980D-D6F415A4691A}.AppStore|x86.Build.0 = Release|x86
		{9FE2A550-9D9B-4B98-980D-D6F415A4691A}.AppStore|x86.Deploy.0 = Release|x86
		{9FE2A550-9D9B-4B98-980D-D6F415A4691A}.Debug|Any CPU.ActiveCfg = Debug|x86
		{9FE2A550-9D9B-4B98-980D-D6F415A4691A}.Debug|Any CPU.Build.0 = Debug|x86
		{9FE2A550-9D9B-4B98-980D-D6F415A4691A}.Debug|Any CPU.Deploy.0 = Debug|x86
		{9FE2A550-9D9B-4B98-980D-D6F415A4691A}.Debug|ARM.ActiveCfg = Debug|ARM
		{9FE2A550-9D9B-4B98-980D-D6F415A4691A}.Debug|ARM.Build.0 = Debug|ARM
		{9FE2A550-9D9B-4B98-980D-D6F415A4691A}.Debug|ARM.Deploy.0 = Debug|ARM
		{9FE2A550-9D9B-4B98-980D-D6F415A4691A}.Debug|iPhone.ActiveCfg = Debug|x86
		{9FE2A550-9D9B-4B98-980D-D6F415A4691A}.Debug|iPhone.Build.0 = Debug|x86
		{9FE2A550-9D9B-4B98-980D-D6F415A4691A}.Debug|iPhone.Deploy.0 = Debug|x86
		{9FE2A550-9D9B-4B98-980D-D6F415A4691A}.Debug|iPhoneSimulator.ActiveCfg = Debug|x86
		{9FE2A550-9D9B-4B98-980D-D6F415A4691A}.Debug|iPhoneSimulator.Build.0 = Debug|x86
		{9FE2A550-9D9B-4B98-980D-D6F415A4691A}.Debug|iPhoneSimulator.Deploy.0 = Debug|x86
		{9FE2A550-9D9B-4B98-980D-D6F415A4691A}.Debug|x64.ActiveCfg = Debug|x64
		{9FE2A550-9D9B-4B98-980D-D6F415A4691A}.Debug|x64.Build.0 = Debug|x64
		{9FE2A550-9D9B-4B98-980D-D6F415A4691A}.Debug|x64.Deploy.0 = Debug|x64
		{9FE2A550-9D9B-4B98-980D-D6F415A4691A}.Debug|x86.ActiveCfg = Debug|x86
		{9FE2A550-9D9B-4B98-980D-D6F415A4691A}.Debug|x86.Build.0 = Debug|x86
		{9FE2A550-9D9B-4B98-980D-D6F415A4691A}.Debug|x86.Deploy.0 = Debug|x86
		{9FE2A550-9D9B-4B98-980D-D6F415A4691A}.Release|Any CPU.ActiveCfg = Release|x86
		{9FE2A550-9D9B-4B98-980D-D6F415A4691A}.Release|Any CPU.Build.0 = Release|x86
		{9FE2A550-9D9B-4B98-980D-D6F415A4691A}.Release|Any CPU.Deploy.0 = Release|x86
		{9FE2A550-9D9B-4B98-980D-D6F415A4691A}.Release|ARM.ActiveCfg = Release|ARM
		{9FE2A550-9D9B-4B98-980D-D6F415A4691A}.Release|ARM.Build.0 = Release|ARM
		{9FE2A550-9D9B-4B98-980D-D6F415A4691A}.Release|ARM.Deploy.0 = Release|ARM
		{9FE2A550-9D9B-4B98-980D-D6F415A4691A}.Release|iPhone.ActiveCfg = Release|x86
		{9FE2A550-9D9B-4B98-980D-D6F415A4691A}.Release|iPhone.Build.0 = Release|x86
		{9FE2A550-9D9B-4B98-980D-D6F415A4691A}.Release|iPhone.Deploy.0 = Release|x86
		{9FE2A550-9D9B-4B98-980D-D6F415A4691A}.Release|iPhoneSimulator.ActiveCfg = Release|x86
		{9FE2A550-9D9B-4B98-980D-D6F415A4691A}.Release|iPhoneSimulator.Build.0 = Release|x86
		{9FE2A550-9D9B-4B98-980D-D6F415A4691A}.Release|iPhoneSimulator.Deploy.0 = Release|x86
		{9FE2A550-9D9B-4B98-980D-D6F415A4691A}.Release|x64.ActiveCfg = Release|x64
		{9FE2A550-9D9B-4B98-980D-D6F415A4691A}.Release|x64.Build.0 = Release|x64
		{9FE2A550-9D9B-4B98-980D-D6F415A4691A}.Release|x64.Deploy.0 = Release|x64
		{9FE2A550-9D9B-4B98-980D-D6F415A4691A}.Release|x86.ActiveCfg = Release|x86
		{9FE2A550-9D9B-4B98-980D-D6F415A4691A}.Release|x86.Build.0 = Release|x86
		{9FE2A550-9D9B-4B98-980D-D6F415A4691A}.Release|x86.Deploy.0 = Release|x86
		{68F69158-D3F6-4D15-A967-CE2D83FEA182}.Ad-Hoc|Any CPU.ActiveCfg = Debug|Any CPU
		{68F69158-D3F6-4D15-A967-CE2D83FEA182}.Ad-Hoc|Any CPU.Build.0 = Debug|Any CPU
		{68F69158-D3F6-4D15-A967-CE2D83FEA182}.Ad-Hoc|Any CPU.Deploy.0 = Debug|Any CPU
		{68F69158-D3F6-4D15-A967-CE2D83FEA182}.Ad-Hoc|ARM.ActiveCfg = Debug|Any CPU
		{68F69158-D3F6-4D15-A967-CE2D83FEA182}.Ad-Hoc|ARM.Build.0 = Debug|Any CPU
		{68F69158-D3F6-4D15-A967-CE2D83FEA182}.Ad-Hoc|ARM.Deploy.0 = Debug|Any CPU
		{68F69158-D3F6-4D15-A967-CE2D83FEA182}.Ad-Hoc|iPhone.ActiveCfg = Debug|Any CPU
		{68F69158-D3F6-4D15-A967-CE2D83FEA182}.Ad-Hoc|iPhone.Build.0 = Debug|Any CPU
		{68F69158-D3F6-4D15-A967-CE2D83FEA182}.Ad-Hoc|iPhone.Deploy.0 = Debug|Any CPU
		{68F69158-D3F6-4D15-A967-CE2D83FEA182}.Ad-Hoc|iPhoneSimulator.ActiveCfg = Debug|Any CPU
		{68F69158-D3F6-4D15-A967-CE2D83FEA182}.Ad-Hoc|iPhoneSimulator.Build.0 = Debug|Any CPU
		{68F69158-D3F6-4D15-A967-CE2D83FEA182}.Ad-Hoc|iPhoneSimulator.Deploy.0 = Debug|Any CPU
		{68F69158-D3F6-4D15-A967-CE2D83FEA182}.Ad-Hoc|x64.ActiveCfg = Debug|Any CPU
		{68F69158-D3F6-4D15-A967-CE2D83FEA182}.Ad-Hoc|x64.Build.0 = Debug|Any CPU
		{68F69158-D3F6-4D15-A967-CE2D83FEA182}.Ad-Hoc|x64.Deploy.0 = Debug|Any CPU
		{68F69158-D3F6-4D15-A967-CE2D83FEA182}.Ad-Hoc|x86.ActiveCfg = Debug|Any CPU
		{68F69158-D3F6-4D15-A967-CE2D83FEA182}.Ad-Hoc|x86.Build.0 = Debug|Any CPU
		{68F69158-D3F6-4D15-A967-CE2D83FEA182}.Ad-Hoc|x86.Deploy.0 = Debug|Any CPU
		{68F69158-D3F6-4D15-A967-CE2D83FEA182}.AppStore|Any CPU.ActiveCfg = Debug|Any CPU
		{68F69158-D3F6-4D15-A967-CE2D83FEA182}.AppStore|Any CPU.Build.0 = Debug|Any CPU
		{68F69158-D3F6-4D15-A967-CE2D83FEA182}.AppStore|Any CPU.Deploy.0 = Debug|Any CPU
		{68F69158-D3F6-4D15-A967-CE2D83FEA182}.AppStore|ARM.ActiveCfg = Debug|Any CPU
		{68F69158-D3F6-4D15-A967-CE2D83FEA182}.AppStore|ARM.Build.0 = Debug|Any CPU
		{68F69158-D3F6-4D15-A967-CE2D83FEA182}.AppStore|ARM.Deploy.0 = Debug|Any CPU
		{68F69158-D3F6-4D15-A967-CE2D83FEA182}.AppStore|iPhone.ActiveCfg = Debug|Any CPU
		{68F69158-D3F6-4D15-A967-CE2D83FEA182}.AppStore|iPhone.Build.0 = Debug|Any CPU
		{68F69158-D3F6-4D15-A967-CE2D83FEA182}.AppStore|iPhone.Deploy.0 = Debug|Any CPU
		{68F69158-D3F6-4D15-A967-CE2D83FEA182}.AppStore|iPhoneSimulator.ActiveCfg = Debug|Any CPU
		{68F69158-D3F6-4D15-A967-CE2D83FEA182}.AppStore|iPhoneSimulator.Build.0 = Debug|Any CPU
		{68F69158-D3F6-4D15-A967-CE2D83FEA182}.AppStore|iPhoneSimulator.Deploy.0 = Debug|Any CPU
		{68F69158-D3F6-4D15-A967-CE2D83FEA182}.AppStore|x64.ActiveCfg = Debug|Any CPU
		{68F69158-D3F6-4D15-A967-CE2D83FEA182}.AppStore|x64.Build.0 = Debug|Any CPU
		{68F69158-D3F6-4D15-A967-CE2D83FEA182}.AppStore|x64.Deploy.0 = Debug|Any CPU
		{68F69158-D3F6-4D15-A967-CE2D83FEA182}.AppStore|x86.ActiveCfg = Debug|Any CPU
		{68F69158-D3F6-4D15-A967-CE2D83FEA182}.AppStore|x86.Build.0 = Debug|Any CPU
		{68F69158-D3F6-4D15-A967-CE2D83FEA182}.AppStore|x86.Deploy.0 = Debug|Any CPU
		{68F69158-D3F6-4D15-A967-CE2D83FEA182}.Debug|Any CPU.ActiveCfg = Debug|Any CPU
		{68F69158-D3F6-4D15-A967-CE2D83FEA182}.Debug|Any CPU.Build.0 = Debug|Any CPU
		{68F69158-D3F6-4D15-A967-CE2D83FEA182}.Debug|Any CPU.Deploy.0 = Debug|Any CPU
		{68F69158-D3F6-4D15-A967-CE2D83FEA182}.Debug|ARM.ActiveCfg = Debug|Any CPU
		{68F69158-D3F6-4D15-A967-CE2D83FEA182}.Debug|ARM.Build.0 = Debug|Any CPU
		{68F69158-D3F6-4D15-A967-CE2D83FEA182}.Debug|ARM.Deploy.0 = Debug|Any CPU
		{68F69158-D3F6-4D15-A967-CE2D83FEA182}.Debug|iPhone.ActiveCfg = Debug|Any CPU
		{68F69158-D3F6-4D15-A967-CE2D83FEA182}.Debug|iPhone.Build.0 = Debug|Any CPU
		{68F69158-D3F6-4D15-A967-CE2D83FEA182}.Debug|iPhone.Deploy.0 = Debug|Any CPU
		{68F69158-D3F6-4D15-A967-CE2D83FEA182}.Debug|iPhoneSimulator.ActiveCfg = Debug|Any CPU
		{68F69158-D3F6-4D15-A967-CE2D83FEA182}.Debug|iPhoneSimulator.Build.0 = Debug|Any CPU
		{68F69158-D3F6-4D15-A967-CE2D83FEA182}.Debug|iPhoneSimulator.Deploy.0 = Debug|Any CPU
		{68F69158-D3F6-4D15-A967-CE2D83FEA182}.Debug|x64.ActiveCfg = Debug|Any CPU
		{68F69158-D3F6-4D15-A967-CE2D83FEA182}.Debug|x64.Build.0 = Debug|Any CPU
		{68F69158-D3F6-4D15-A967-CE2D83FEA182}.Debug|x64.Deploy.0 = Debug|Any CPU
		{68F69158-D3F6-4D15-A967-CE2D83FEA182}.Debug|x86.ActiveCfg = Debug|Any CPU
		{68F69158-D3F6-4D15-A967-CE2D83FEA182}.Debug|x86.Build.0 = Debug|Any CPU
		{68F69158-D3F6-4D15-A967-CE2D83FEA182}.Debug|x86.Deploy.0 = Debug|Any CPU
		{68F69158-D3F6-4D15-A967-CE2D83FEA182}.Release|Any CPU.ActiveCfg = Release|Any CPU
		{68F69158-D3F6-4D15-A967-CE2D83FEA182}.Release|Any CPU.Build.0 = Release|Any CPU
		{68F69158-D3F6-4D15-A967-CE2D83FEA182}.Release|Any CPU.Deploy.0 = Release|Any CPU
		{68F69158-D3F6-4D15-A967-CE2D83FEA182}.Release|ARM.ActiveCfg = Release|Any CPU
		{68F69158-D3F6-4D15-A967-CE2D83FEA182}.Release|ARM.Build.0 = Release|Any CPU
		{68F69158-D3F6-4D15-A967-CE2D83FEA182}.Release|ARM.Deploy.0 = Release|Any CPU
		{68F69158-D3F6-4D15-A967-CE2D83FEA182}.Release|iPhone.ActiveCfg = Release|Any CPU
		{68F69158-D3F6-4D15-A967-CE2D83FEA182}.Release|iPhone.Build.0 = Release|Any CPU
		{68F69158-D3F6-4D15-A967-CE2D83FEA182}.Release|iPhone.Deploy.0 = Release|Any CPU
		{68F69158-D3F6-4D15-A967-CE2D83FEA182}.Release|iPhoneSimulator.ActiveCfg = Release|Any CPU
		{68F69158-D3F6-4D15-A967-CE2D83FEA182}.Release|iPhoneSimulator.Build.0 = Release|Any CPU
		{68F69158-D3F6-4D15-A967-CE2D83FEA182}.Release|iPhoneSimulator.Deploy.0 = Release|Any CPU
		{68F69158-D3F6-4D15-A967-CE2D83FEA182}.Release|x64.ActiveCfg = Release|Any CPU
		{68F69158-D3F6-4D15-A967-CE2D83FEA182}.Release|x64.Build.0 = Release|Any CPU
		{68F69158-D3F6-4D15-A967-CE2D83FEA182}.Release|x64.Deploy.0 = Release|Any CPU
		{68F69158-D3F6-4D15-A967-CE2D83FEA182}.Release|x86.ActiveCfg = Release|Any CPU
		{68F69158-D3F6-4D15-A967-CE2D83FEA182}.Release|x86.Build.0 = Release|Any CPU
		{68F69158-D3F6-4D15-A967-CE2D83FEA182}.Release|x86.Deploy.0 = Release|Any CPU
	EndGlobalSection
	GlobalSection(SolutionProperties) = preSolution
		HideSolutionNode = FALSE
	EndGlobalSection
	GlobalSection(ExtensibilityGlobals) = postSolution
		SolutionGuid = {23D7CE93-36B7-44C1-A795-3C61594178B8}
	EndGlobalSection
EndGlobal
