
Microsoft Visual Studio Solution File, Format Version 12.00
# Visual Studio Version 17
VisualStudioVersion = 17.10.35027.167
MinimumVisualStudioVersion = 10.0.40219.1
Project("{9A19103F-16F7-4668-BE54-9A1E7A4F7556}") = "CommonLib", "..\Common\CommonLib\CommonLib.csproj", "{1E17112D-FC76-41C1-9009-E1831F237226}"
EndProject
Project("{9A19103F-16F7-4668-BE54-9A1E7A4F7556}") = "VideoTranslationSample", "VideoTranslationSample\VideoTranslationSample.csproj", "{95F70A8E-FEA6-45F4-9C22-C9BDEA60544D}"
EndProject
Project("{9A19103F-16F7-4668-BE54-9A1E7A4F7556}") = "VideoTranslationLib.PublicPreview", "..\Common\VideoTranslationLib.PublicPreview\VideoTranslationLib.PublicPreview.csproj", "{DC18FF21-5F97-47AA-BE14-79D219B8183B}"
EndProject
Project("{2150E333-8FDC-42A3-9474-1A3956D46DE8}") = "Lib", "Lib", "{A9B28A07-F3F2-4EBF-B460-0492B5EDE1C4}"
EndProject
Project("{9A19103F-16F7-4668-BE54-9A1E7A4F7556}") = "VideoTranslationLib.Common", "..\Common\VideoTranslationLib.Common\VideoTranslationLib.Common.csproj", "{B86258A9-9501-4080-AA11-AD598C8C7365}"
EndProject
Global
	GlobalSection(SolutionConfigurationPlatforms) = preSolution
		Debug|Any CPU = Debug|Any CPU
		Release|Any CPU = Release|Any CPU
	EndGlobalSection
	GlobalSection(ProjectConfigurationPlatforms) = postSolution
		{1E17112D-FC76-41C1-9009-E1831F237226}.Debug|Any CPU.ActiveCfg = Debug|Any CPU
		{1E17112D-FC76-41C1-9009-E1831F237226}.Debug|Any CPU.Build.0 = Debug|Any CPU
		{1E17112D-FC76-41C1-9009-E1831F237226}.Release|Any CPU.ActiveCfg = Release|Any CPU
		{1E17112D-FC76-41C1-9009-E1831F237226}.Release|Any CPU.Build.0 = Release|Any CPU
		{95F70A8E-FEA6-45F4-9C22-C9BDEA60544D}.Debug|Any CPU.ActiveCfg = Debug|Any CPU
		{95F70A8E-FEA6-45F4-9C22-C9BDEA60544D}.Debug|Any CPU.Build.0 = Debug|Any CPU
		{95F70A8E-FEA6-45F4-9C22-C9BDEA60544D}.Release|Any CPU.ActiveCfg = Release|Any CPU
		{95F70A8E-FEA6-45F4-9C22-C9BDEA60544D}.Release|Any CPU.Build.0 = Release|Any CPU
		{DC18FF21-5F97-47AA-BE14-79D219B8183B}.Debug|Any CPU.ActiveCfg = Debug|Any CPU
		{DC18FF21-5F97-47AA-BE14-79D219B8183B}.Debug|Any CPU.Build.0 = Debug|Any CPU
		{DC18FF21-5F97-47AA-BE14-79D219B8183B}.Release|Any CPU.ActiveCfg = Release|Any CPU
		{DC18FF21-5F97-47AA-BE14-79D219B8183B}.Release|Any CPU.Build.0 = Release|Any CPU
		{B86258A9-9501-4080-AA11-AD598C8C7365}.Debug|Any CPU.ActiveCfg = Debug|Any CPU
		{B86258A9-9501-4080-AA11-AD598C8C7365}.Debug|Any CPU.Build.0 = Debug|Any CPU
		{B86258A9-9501-4080-AA11-AD598C8C7365}.Release|Any CPU.ActiveCfg = Release|Any CPU
		{B86258A9-9501-4080-AA11-AD598C8C7365}.Release|Any CPU.Build.0 = Release|Any CPU
	EndGlobalSection
	GlobalSection(SolutionProperties) = preSolution
		HideSolutionNode = FALSE
	EndGlobalSection
	GlobalSection(NestedProjects) = preSolution
		{1E17112D-FC76-41C1-9009-E1831F237226} = {A9B28A07-F3F2-4EBF-B460-0492B5EDE1C4}
		{DC18FF21-5F97-47AA-BE14-79D219B8183B} = {A9B28A07-F3F2-4EBF-B460-0492B5EDE1C4}
		{B86258A9-9501-4080-AA11-AD598C8C7365} = {A9B28A07-F3F2-4EBF-B460-0492B5EDE1C4}
	EndGlobalSection
	GlobalSection(ExtensibilityGlobals) = postSolution
		SolutionGuid = {B09F3B56-6D3D-4CF3-954C-D9308D6A1A68}
	EndGlobalSection
EndGlobal
