PODS:
  - Microsoft-CognitiveServices-Speech-for-iOS (1.0.0)

DEPENDENCIES:
  - Microsoft-CognitiveServices-Speech-for-iOS (from `../../../../source/bindings/objective-c/cocoapods/Microsoft-CognitiveServices-Speech-for-iOS.podspec`)

EXTERNAL SOURCES:
  Microsoft-CognitiveServices-Speech-for-iOS:
    :podspec: "../../../../source/bindings/objective-c/cocoapods/Microsoft-CognitiveServices-Speech-for-iOS.podspec"

SPEC CHECKSUMS:
  Microsoft-CognitiveServices-Speech-for-iOS: 2f29ff4206a19b6217eaef876be378cedf98fadd

PODFILE CHECKSUM: f0b233ba874b97e45c39e0c64facf769654ece85

COCOAPODS: 1.5.3
