
Microsoft Visual Studio Solution File, Format Version 12.00
# Visual Studio Version 17
VisualStudioVersion = 17.9.34728.123
MinimumVisualStudioVersion = 10.0.40219.1
Project("{FAE04EC0-301F-11D3-BF4B-00C04F79EFBC}") = "samples", "samples\samples.csproj", "{322B2C73-C3D6-4B5A-A3F7-821CBEE6CD01}"
EndProject
Global
	GlobalSection(SolutionConfigurationPlatforms) = preSolution
		Debug|Any CPU = Debug|Any CPU
		Release|Any CPU = Release|Any CPU
	EndGlobalSection
	GlobalSection(ProjectConfigurationPlatforms) = postSolution
		{322B2C73-C3D6-4B5A-A3F7-821CBEE6CD01}.Debug|Any CPU.ActiveCfg = Debug|Any CPU
		{322B2C73-C3D6-4B5A-A3F7-821CBEE6CD01}.Debug|Any CPU.Build.0 = Debug|Any CPU
		{322B2C73-C3D6-4B5A-A3F7-821CBEE6CD01}.Release|Any CPU.ActiveCfg = Release|Any CPU
		{322B2C73-C3D6-4B5A-A3F7-821CBEE6CD01}.Release|Any CPU.Build.0 = Release|Any CPU
	EndGlobalSection
	GlobalSection(SolutionProperties) = preSolution
		HideSolutionNode = FALSE
	EndGlobalSection
	GlobalSection(ExtensibilityGlobals) = postSolution
		SolutionGuid = {94E353B7-11A9-414B-9CF0-4CDDC3693944}
	EndGlobalSection
EndGlobal
