// !$*UTF8*$!
{
	archiveVersion = 1;
	classes = {
	};
	objectVersion = 56;
	objects = {

/* Begin PBXBuildFile section */
		FCE70EBA2AF151C70030A9D9 /* AppDelegate.swift in Sources */ = {isa = PBXBuildFile; fileRef = FCE70EB92AF151C70030A9D9 /* AppDelegate.swift */; };
		FCE70EBE2AF151C70030A9D9 /* ViewController.swift in Sources */ = {isa = PBXBuildFile; fileRef = FCE70EBD2AF151C70030A9D9 /* ViewController.swift */; };
		FCE70EC12AF151C70030A9D9 /* Main.storyboard in Resources */ = {isa = PBXBuildFile; fileRef = FCE70EBF2AF151C70030A9D9 /* Main.storyboard */; };
		FCE70EC32AF151C90030A9D9 /* Assets.xcassets in Resources */ = {isa = PBXBuildFile; fileRef = FCE70EC22AF151C90030A9D9 /* Assets.xcassets */; };
		FCE70EC62AF151CA0030A9D9 /* LaunchScreen.storyboard in Resources */ = {isa = PBXBuildFile; fileRef = FCE70EC42AF151CA0030A9D9 /* LaunchScreen.storyboard */; };
		FCE70ED22AF1527E0030A9D9 /* MicrosoftCognitiveServicesSpeech.xcframework in Frameworks */ = {isa = PBXBuildFile; fileRef = FCE70ED02AF152730030A9D9 /* MicrosoftCognitiveServicesSpeech.xcframework */; };
		FCE70ED32AF1527E0030A9D9 /* MicrosoftCognitiveServicesSpeech.xcframework in Embed Frameworks */ = {isa = PBXBuildFile; fileRef = FCE70ED02AF152730030A9D9 /* MicrosoftCognitiveServicesSpeech.xcframework */; settings = {ATTRIBUTES = (CodeSignOnCopy, RemoveHeadersOnCopy, ); }; };
		FCE70ED82AF154C90030A9D9 /* ST in Resources */ = {isa = PBXBuildFile; fileRef = FCE70ED72AF154C90030A9D9 /* ST */; };
/* End PBXBuildFile section */

/* Begin PBXCopyFilesBuildPhase section */
		FCE70ED42AF1527E0030A9D9 /* Embed Frameworks */ = {
			isa = PBXCopyFilesBuildPhase;
			buildActionMask = 2147483647;
			dstPath = "";
			dstSubfolderSpec = 10;
			files = (
				FCE70ED32AF1527E0030A9D9 /* MicrosoftCognitiveServicesSpeech.xcframework in Embed Frameworks */,
			);
			name = "Embed Frameworks";
			runOnlyForDeploymentPostprocessing = 0;
		};
/* End PBXCopyFilesBuildPhase section */

/* Begin PBXFileReference section */
		FCE70EB62AF151C70030A9D9 /* embedded-speech-translation.app */ = {isa = PBXFileReference; explicitFileType = wrapper.application; includeInIndex = 0; path = "embedded-speech-translation.app"; sourceTree = BUILT_PRODUCTS_DIR; };
		FCE70EB92AF151C70030A9D9 /* AppDelegate.swift */ = {isa = PBXFileReference; lastKnownFileType = sourcecode.swift; path = AppDelegate.swift; sourceTree = "<group>"; };
		FCE70EBD2AF151C70030A9D9 /* ViewController.swift */ = {isa = PBXFileReference; lastKnownFileType = sourcecode.swift; path = ViewController.swift; sourceTree = "<group>"; };
		FCE70EC02AF151C70030A9D9 /* Base */ = {isa = PBXFileReference; lastKnownFileType = file.storyboard; name = Base; path = Base.lproj/Main.storyboard; sourceTree = "<group>"; };
		FCE70EC22AF151C90030A9D9 /* Assets.xcassets */ = {isa = PBXFileReference; lastKnownFileType = folder.assetcatalog; path = Assets.xcassets; sourceTree = "<group>"; };
		FCE70EC52AF151CA0030A9D9 /* Base */ = {isa = PBXFileReference; lastKnownFileType = file.storyboard; name = Base; path = Base.lproj/LaunchScreen.storyboard; sourceTree = "<group>"; };
		FCE70EC72AF151CA0030A9D9 /* Info.plist */ = {isa = PBXFileReference; lastKnownFileType = text.plist.xml; path = Info.plist; sourceTree = "<group>"; };
		FCE70ED02AF152730030A9D9 /* MicrosoftCognitiveServicesSpeech.xcframework */ = {isa = PBXFileReference; lastKnownFileType = wrapper.xcframework; name = MicrosoftCognitiveServicesSpeech.xcframework; path = ../MicrosoftCognitiveServicesSpeech.xcframework; sourceTree = "<group>"; };
		FCE70ED72AF154C90030A9D9 /* ST */ = {isa = PBXFileReference; lastKnownFileType = folder; name = ST; path = ../models/ST; sourceTree = "<group>"; };
/* End PBXFileReference section */

/* Begin PBXFrameworksBuildPhase section */
		FCE70EB32AF151C70030A9D9 /* Frameworks */ = {
			isa = PBXFrameworksBuildPhase;
			buildActionMask = 2147483647;
			files = (
				FCE70ED22AF1527E0030A9D9 /* MicrosoftCognitiveServicesSpeech.xcframework in Frameworks */,
			);
			runOnlyForDeploymentPostprocessing = 0;
		};
/* End PBXFrameworksBuildPhase section */

/* Begin PBXGroup section */
		FCE70EAD2AF151C70030A9D9 = {
			isa = PBXGroup;
			children = (
				FCE70ED72AF154C90030A9D9 /* ST */,
				FCE70EB82AF151C70030A9D9 /* embedded-speech-translation */,
				FCE70EB72AF151C70030A9D9 /* Products */,
				FCE70ECF2AF152730030A9D9 /* Frameworks */,
			);
			sourceTree = "<group>";
		};
		FCE70EB72AF151C70030A9D9 /* Products */ = {
			isa = PBXGroup;
			children = (
				FCE70EB62AF151C70030A9D9 /* embedded-speech-translation.app */,
			);
			name = Products;
			sourceTree = "<group>";
		};
		FCE70EB82AF151C70030A9D9 /* embedded-speech-translation */ = {
			isa = PBXGroup;
			children = (
				FCE70EB92AF151C70030A9D9 /* AppDelegate.swift */,
				FCE70EBD2AF151C70030A9D9 /* ViewController.swift */,
				FCE70EBF2AF151C70030A9D9 /* Main.storyboard */,
				FCE70EC22AF151C90030A9D9 /* Assets.xcassets */,
				FCE70EC42AF151CA0030A9D9 /* LaunchScreen.storyboard */,
				FCE70EC72AF151CA0030A9D9 /* Info.plist */,
			);
			path = "embedded-speech-translation";
			sourceTree = "<group>";
		};
		FCE70ECF2AF152730030A9D9 /* Frameworks */ = {
			isa = PBXGroup;
			children = (
				FCE70ED02AF152730030A9D9 /* MicrosoftCognitiveServicesSpeech.xcframework */,
			);
			name = Frameworks;
			sourceTree = "<group>";
		};
/* End PBXGroup section */

/* Begin PBXNativeTarget section */
		FCE70EB52AF151C70030A9D9 /* embedded-speech-translation */ = {
			isa = PBXNativeTarget;
			buildConfigurationList = FCE70ECA2AF151CA0030A9D9 /* Build configuration list for PBXNativeTarget "embedded-speech-translation" */;
			buildPhases = (
				FCE70EB22AF151C70030A9D9 /* Sources */,
				FCE70EB32AF151C70030A9D9 /* Frameworks */,
				FCE70EB42AF151C70030A9D9 /* Resources */,
				FCE70ED42AF1527E0030A9D9 /* Embed Frameworks */,
			);
			buildRules = (
			);
			dependencies = (
			);
			name = "embedded-speech-translation";
			productName = "embedded-speech-translation";
			productReference = FCE70EB62AF151C70030A9D9 /* embedded-speech-translation.app */;
			productType = "com.apple.product-type.application";
		};
/* End PBXNativeTarget section */

/* Begin PBXProject section */
		FCE70EAE2AF151C70030A9D9 /* Project object */ = {
			isa = PBXProject;
			attributes = {
				BuildIndependentTargetsInParallel = 1;
				LastSwiftUpdateCheck = 1500;
				LastUpgradeCheck = 1500;
				TargetAttributes = {
					FCE70EB52AF151C70030A9D9 = {
						CreatedOnToolsVersion = 15.0;
					};
				};
			};
			buildConfigurationList = FCE70EB12AF151C70030A9D9 /* Build configuration list for PBXProject "embedded-speech-translation" */;
			compatibilityVersion = "Xcode 14.0";
			developmentRegion = en;
			hasScannedForEncodings = 0;
			knownRegions = (
				en,
				Base,
			);
			mainGroup = FCE70EAD2AF151C70030A9D9;
			productRefGroup = FCE70EB72AF151C70030A9D9 /* Products */;
			projectDirPath = "";
			projectRoot = "";
			targets = (
				FCE70EB52AF151C70030A9D9 /* embedded-speech-translation */,
			);
		};
/* End PBXProject section */

/* Begin PBXResourcesBuildPhase section */
		FCE70EB42AF151C70030A9D9 /* Resources */ = {
			isa = PBXResourcesBuildPhase;
			buildActionMask = 2147483647;
			files = (
				FCE70EC62AF151CA0030A9D9 /* LaunchScreen.storyboard in Resources */,
				FCE70ED82AF154C90030A9D9 /* ST in Resources */,
				FCE70EC32AF151C90030A9D9 /* Assets.xcassets in Resources */,
				FCE70EC12AF151C70030A9D9 /* Main.storyboard in Resources */,
			);
			runOnlyForDeploymentPostprocessing = 0;
		};
/* End PBXResourcesBuildPhase section */

/* Begin PBXSourcesBuildPhase section */
		FCE70EB22AF151C70030A9D9 /* Sources */ = {
			isa = PBXSourcesBuildPhase;
			buildActionMask = 2147483647;
			files = (
				FCE70EBE2AF151C70030A9D9 /* ViewController.swift in Sources */,
				FCE70EBA2AF151C70030A9D9 /* AppDelegate.swift in Sources */,
			);
			runOnlyForDeploymentPostprocessing = 0;
		};
/* End PBXSourcesBuildPhase section */

/* Begin PBXVariantGroup section */
		FCE70EBF2AF151C70030A9D9 /* Main.storyboard */ = {
			isa = PBXVariantGroup;
			children = (
				FCE70EC02AF151C70030A9D9 /* Base */,
			);
			name = Main.storyboard;
			sourceTree = "<group>";
		};
		FCE70EC42AF151CA0030A9D9 /* LaunchScreen.storyboard */ = {
			isa = PBXVariantGroup;
			children = (
				FCE70EC52AF151CA0030A9D9 /* Base */,
			);
			name = LaunchScreen.storyboard;
			sourceTree = "<group>";
		};
/* End PBXVariantGroup section */

/* Begin XCBuildConfiguration section */
		FCE70EC82AF151CA0030A9D9 /* Debug */ = {
			isa = XCBuildConfiguration;
			buildSettings = {
				ALWAYS_SEARCH_USER_PATHS = NO;
				ASSETCATALOG_COMPILER_GENERATE_SWIFT_ASSET_SYMBOL_EXTENSIONS = YES;
				CLANG_ANALYZER_NONNULL = YES;
				CLANG_ANALYZER_NUMBER_OBJECT_CONVERSION = YES_AGGRESSIVE;
				CLANG_CXX_LANGUAGE_STANDARD = "gnu++20";
				CLANG_ENABLE_MODULES = YES;
				CLANG_ENABLE_OBJC_ARC = YES;
				CLANG_ENABLE_OBJC_WEAK = YES;
				CLANG_WARN_BLOCK_CAPTURE_AUTORELEASING = YES;
				CLANG_WARN_BOOL_CONVERSION = YES;
				CLANG_WARN_COMMA = YES;
				CLANG_WARN_CONSTANT_CONVERSION = YES;
				CLANG_WARN_DEPRECATED_OBJC_IMPLEMENTATIONS = YES;
				CLANG_WARN_DIRECT_OBJC_ISA_USAGE = YES_ERROR;
				CLANG_WARN_DOCUMENTATION_COMMENTS = YES;
				CLANG_WARN_EMPTY_BODY = YES;
				CLANG_WARN_ENUM_CONVERSION = YES;
				CLANG_WARN_INFINITE_RECURSION = YES;
				CLANG_WARN_INT_CONVERSION = YES;
				CLANG_WARN_NON_LITERAL_NULL_CONVERSION = YES;
				CLANG_WARN_OBJC_IMPLICIT_RETAIN_SELF = YES;
				CLANG_WARN_OBJC_LITERAL_CONVERSION = YES;
				CLANG_WARN_OBJC_ROOT_CLASS = YES_ERROR;
				CLANG_WARN_QUOTED_INCLUDE_IN_FRAMEWORK_HEADER = YES;
				CLANG_WARN_RANGE_LOOP_ANALYSIS = YES;
				CLANG_WARN_STRICT_PROTOTYPES = YES;
				CLANG_WARN_SUSPICIOUS_MOVE = YES;
				CLANG_WARN_UNGUARDED_AVAILABILITY = YES_AGGRESSIVE;
				CLANG_WARN_UNREACHABLE_CODE = YES;
				CLANG_WARN__DUPLICATE_METHOD_MATCH = YES;
				COPY_PHASE_STRIP = NO;
				DEBUG_INFORMATION_FORMAT = dwarf;
				ENABLE_STRICT_OBJC_MSGSEND = YES;
				ENABLE_TESTABILITY = YES;
				ENABLE_USER_SCRIPT_SANDBOXING = YES;
				GCC_C_LANGUAGE_STANDARD = gnu17;
				GCC_DYNAMIC_NO_PIC = NO;
				GCC_NO_COMMON_BLOCKS = YES;
				GCC_OPTIMIZATION_LEVEL = 0;
				GCC_PREPROCESSOR_DEFINITIONS = (
					"DEBUG=1",
					"$(inherited)",
				);
				GCC_WARN_64_TO_32_BIT_CONVERSION = YES;
				GCC_WARN_ABOUT_RETURN_TYPE = YES_ERROR;
				GCC_WARN_UNDECLARED_SELECTOR = YES;
				GCC_WARN_UNINITIALIZED_AUTOS = YES_AGGRESSIVE;
				GCC_WARN_UNUSED_FUNCTION = YES;
				GCC_WARN_UNUSED_VARIABLE = YES;
				IPHONEOS_DEPLOYMENT_TARGET = 17.0;
				LOCALIZATION_PREFERS_STRING_CATALOGS = YES;
				MTL_ENABLE_DEBUG_INFO = INCLUDE_SOURCE;
				MTL_FAST_MATH = YES;
				ONLY_ACTIVE_ARCH = YES;
				SDKROOT = iphoneos;
				SWIFT_ACTIVE_COMPILATION_CONDITIONS = "DEBUG $(inherited)";
				SWIFT_OPTIMIZATION_LEVEL = "-Onone";
			};
			name = Debug;
		};
		FCE70EC92AF151CA0030A9D9 /* Release */ = {
			isa = XCBuildConfiguration;
			buildSettings = {
				ALWAYS_SEARCH_USER_PATHS = NO;
				ASSETCATALOG_COMPILER_GENERATE_SWIFT_ASSET_SYMBOL_EXTENSIONS = YES;
				CLANG_ANALYZER_NONNULL = YES;
				CLANG_ANALYZER_NUMBER_OBJECT_CONVERSION = YES_AGGRESSIVE;
				CLANG_CXX_LANGUAGE_STANDARD = "gnu++20";
				CLANG_ENABLE_MODULES = YES;
				CLANG_ENABLE_OBJC_ARC = YES;
				CLANG_ENABLE_OBJC_WEAK = YES;
				CLANG_WARN_BLOCK_CAPTURE_AUTORELEASING = YES;
				CLANG_WARN_BOOL_CONVERSION = YES;
				CLANG_WARN_COMMA = YES;
				CLANG_WARN_CONSTANT_CONVERSION = YES;
				CLANG_WARN_DEPRECATED_OBJC_IMPLEMENTATIONS = YES;
				CLANG_WARN_DIRECT_OBJC_ISA_USAGE = YES_ERROR;
				CLANG_WARN_DOCUMENTATION_COMMENTS = YES;
				CLANG_WARN_EMPTY_BODY = YES;
				CLANG_WARN_ENUM_CONVERSION = YES;
				CLANG_WARN_INFINITE_RECURSION = YES;
				CLANG_WARN_INT_CONVERSION = YES;
				CLANG_WARN_NON_LITERAL_NULL_CONVERSION = YES;
				CLANG_WARN_OBJC_IMPLICIT_RETAIN_SELF = YES;
				CLANG_WARN_OBJC_LITERAL_CONVERSION = YES;
				CLANG_WARN_OBJC_ROOT_CLASS = YES_ERROR;
				CLANG_WARN_QUOTED_INCLUDE_IN_FRAMEWORK_HEADER = YES;
				CLANG_WARN_RANGE_LOOP_ANALYSIS = YES;
				CLANG_WARN_STRICT_PROTOTYPES = YES;
				CLANG_WARN_SUSPICIOUS_MOVE = YES;
				CLANG_WARN_UNGUARDED_AVAILABILITY = YES_AGGRESSIVE;
				CLANG_WARN_UNREACHABLE_CODE = YES;
				CLANG_WARN__DUPLICATE_METHOD_MATCH = YES;
				COPY_PHASE_STRIP = NO;
				DEBUG_INFORMATION_FORMAT = "dwarf-with-dsym";
				ENABLE_NS_ASSERTIONS = NO;
				ENABLE_STRICT_OBJC_MSGSEND = YES;
				ENABLE_USER_SCRIPT_SANDBOXING = YES;
				GCC_C_LANGUAGE_STANDARD = gnu17;
				GCC_NO_COMMON_BLOCKS = YES;
				GCC_WARN_64_TO_32_BIT_CONVERSION = YES;
				GCC_WARN_ABOUT_RETURN_TYPE = YES_ERROR;
				GCC_WARN_UNDECLARED_SELECTOR = YES;
				GCC_WARN_UNINITIALIZED_AUTOS = YES_AGGRESSIVE;
				GCC_WARN_UNUSED_FUNCTION = YES;
				GCC_WARN_UNUSED_VARIABLE = YES;
				IPHONEOS_DEPLOYMENT_TARGET = 17.0;
				LOCALIZATION_PREFERS_STRING_CATALOGS = YES;
				MTL_ENABLE_DEBUG_INFO = NO;
				MTL_FAST_MATH = YES;
				SDKROOT = iphoneos;
				SWIFT_COMPILATION_MODE = wholemodule;
				VALIDATE_PRODUCT = YES;
			};
			name = Release;
		};
		FCE70ECB2AF151CA0030A9D9 /* Debug */ = {
			isa = XCBuildConfiguration;
			buildSettings = {
				ASSETCATALOG_COMPILER_APPICON_NAME = AppIcon;
				ASSETCATALOG_COMPILER_GLOBAL_ACCENT_COLOR_NAME = AccentColor;
				CODE_SIGN_STYLE = Automatic;
				CURRENT_PROJECT_VERSION = 1;
				DEVELOPMENT_TEAM = "";
				GENERATE_INFOPLIST_FILE = YES;
				INFOPLIST_FILE = "embedded-speech-translation/Info.plist";
				INFOPLIST_KEY_UIApplicationSupportsIndirectInputEvents = YES;
				INFOPLIST_KEY_UILaunchStoryboardName = LaunchScreen;
				INFOPLIST_KEY_UIMainStoryboardFile = Main;
				INFOPLIST_KEY_UISupportedInterfaceOrientations_iPad = "UIInterfaceOrientationPortrait UIInterfaceOrientationPortraitUpsideDown UIInterfaceOrientationLandscapeLeft UIInterfaceOrientationLandscapeRight";
				INFOPLIST_KEY_UISupportedInterfaceOrientations_iPhone = "UIInterfaceOrientationPortrait UIInterfaceOrientationLandscapeLeft UIInterfaceOrientationLandscapeRight";
				IPHONEOS_DEPLOYMENT_TARGET = 13.0;
				LD_RUNPATH_SEARCH_PATHS = (
					"$(inherited)",
					"@executable_path/Frameworks",
				);
				MARKETING_VERSION = 1.0;
				PRODUCT_BUNDLE_IDENTIFIER = "com.microsoft.testorg.embedded-speech-translation";
				PRODUCT_NAME = "$(TARGET_NAME)";
				SWIFT_EMIT_LOC_STRINGS = YES;
				SWIFT_VERSION = 5.0;
				TARGETED_DEVICE_FAMILY = "1,2";
			};
			name = Debug;
		};
		FCE70ECC2AF151CA0030A9D9 /* Release */ = {
			isa = XCBuildConfiguration;
			buildSettings = {
				ASSETCATALOG_COMPILER_APPICON_NAME = AppIcon;
				ASSETCATALOG_COMPILER_GLOBAL_ACCENT_COLOR_NAME = AccentColor;
				CODE_SIGN_STYLE = Automatic;
				CURRENT_PROJECT_VERSION = 1;
				DEVELOPMENT_TEAM = "";
				GENERATE_INFOPLIST_FILE = YES;
				INFOPLIST_FILE = "embedded-speech-translation/Info.plist";
				INFOPLIST_KEY_UIApplicationSupportsIndirectInputEvents = YES;
				INFOPLIST_KEY_UILaunchStoryboardName = LaunchScreen;
				INFOPLIST_KEY_UIMainStoryboardFile = Main;
				INFOPLIST_KEY_UISupportedInterfaceOrientations_iPad = "UIInterfaceOrientationPortrait UIInterfaceOrientationPortraitUpsideDown UIInterfaceOrientationLandscapeLeft UIInterfaceOrientationLandscapeRight";
				INFOPLIST_KEY_UISupportedInterfaceOrientations_iPhone = "UIInterfaceOrientationPortrait UIInterfaceOrientationLandscapeLeft UIInterfaceOrientationLandscapeRight";
				IPHONEOS_DEPLOYMENT_TARGET = 13.0;
				LD_RUNPATH_SEARCH_PATHS = (
					"$(inherited)",
					"@executable_path/Frameworks",
				);
				MARKETING_VERSION = 1.0;
				PRODUCT_BUNDLE_IDENTIFIER = "com.microsoft.testorg.embedded-speech-translation";
				PRODUCT_NAME = "$(TARGET_NAME)";
				SWIFT_EMIT_LOC_STRINGS = YES;
				SWIFT_VERSION = 5.0;
				TARGETED_DEVICE_FAMILY = "1,2";
			};
			name = Release;
		};
/* End XCBuildConfiguration section */

/* Begin XCConfigurationList section */
		FCE70EB12AF151C70030A9D9 /* Build configuration list for PBXProject "embedded-speech-translation" */ = {
			isa = XCConfigurationList;
			buildConfigurations = (
				FCE70EC82AF151CA0030A9D9 /* Debug */,
				FCE70EC92AF151CA0030A9D9 /* Release */,
			);
			defaultConfigurationIsVisible = 0;
			defaultConfigurationName = Release;
		};
		FCE70ECA2AF151CA0030A9D9 /* Build configuration list for PBXNativeTarget "embedded-speech-translation" */ = {
			isa = XCConfigurationList;
			buildConfigurations = (
				FCE70ECB2AF151CA0030A9D9 /* Debug */,
				FCE70ECC2AF151CA0030A9D9 /* Release */,
			);
			defaultConfigurationIsVisible = 0;
			defaultConfigurationName = Release;
		};
/* End XCConfigurationList section */
	};
	rootObject = FCE70EAE2AF151C70030A9D9 /* Project object */;
}
