// !$*UTF8*$!
{
	archiveVersion = 1;
	classes = {
	};
	objectVersion = 48;
	objects = {

/* Begin PBXBuildFile section */
		3C5D93EC2146856B000C7129 /* TurnOnTheLamp.wav in Resources */ = {isa = PBXBuildFile; fileRef = 3C5D93EB2146856B000C7129 /* TurnOnTheLamp.wav */; };
		3C5D93FA2146CC61000C7129 /* test.m in Sources */ = {isa = PBXBuildFile; fileRef = 3C5D93F92146CC61000C7129 /* test.m */; };
		3CA6CF8B211F471500CD2768 /* AppDelegate.m in Sources */ = {isa = PBXBuildFile; fileRef = 3CA6CF8A211F471500CD2768 /* AppDelegate.m */; };
		3CA6CF8E211F471500CD2768 /* ViewController.m in Sources */ = {isa = PBXBuildFile; fileRef = 3CA6CF8D211F471500CD2768 /* ViewController.m */; };
		3CA6CF91211F471500CD2768 /* Main.storyboard in Resources */ = {isa = PBXBuildFile; fileRef = 3CA6CF8F211F471500CD2768 /* Main.storyboard */; };
		3CA6CF93211F471600CD2768 /* Assets.xcassets in Resources */ = {isa = PBXBuildFile; fileRef = 3CA6CF92211F471600CD2768 /* Assets.xcassets */; };
		3CA6CF96211F471600CD2768 /* LaunchScreen.storyboard in Resources */ = {isa = PBXBuildFile; fileRef = 3CA6CF94211F471600CD2768 /* LaunchScreen.storyboard */; };
		3CA6CF99211F471600CD2768 /* main.m in Sources */ = {isa = PBXBuildFile; fileRef = 3CA6CF98211F471600CD2768 /* main.m */; };
		3CC3789C2121CFD600F07A66 /* whatstheweatherlike.wav in Resources */ = {isa = PBXBuildFile; fileRef = 3CC3789B2121CFD600F07A66 /* whatstheweatherlike.wav */; };
		3CCD06D52157F71E00A348DB /* test_audio.mm in Sources */ = {isa = PBXBuildFile; fileRef = 3CCD06D02157F71E00A348DB /* test_audio.mm */; };
		3CCD06D62157F71E00A348DB /* microphone_test.m in Sources */ = {isa = PBXBuildFile; fileRef = 3CCD06D12157F71E00A348DB /* microphone_test.m */; };
		3CCD06D72157F71E00A348DB /* dummytest.m in Sources */ = {isa = PBXBuildFile; fileRef = 3CCD06D22157F71E00A348DB /* dummytest.m */; };
		3CCD06D92157F77D00A348DB /* MicrosoftCognitiveServicesSpeech.framework in Frameworks */ = {isa = PBXBuildFile; fileRef = 3CCD06D82157F77D00A348DB /* MicrosoftCognitiveServicesSpeech.framework */; };
		3CCD06DA2157F77D00A348DB /* MicrosoftCognitiveServicesSpeech.framework in Embed Frameworks */ = {isa = PBXBuildFile; fileRef = 3CCD06D82157F77D00A348DB /* MicrosoftCognitiveServicesSpeech.framework */; settings = {ATTRIBUTES = (CodeSignOnCopy, RemoveHeadersOnCopy, ); }; };
		F342D645216794C600B6B2FC /* MicrosoftCognitiveServicesSpeech.framework in Frameworks */ = {isa = PBXBuildFile; fileRef = F342D644216794C600B6B2FC /* MicrosoftCognitiveServicesSpeech.framework */; };
		F3C06E37216E3AE2003989B2 /* SPXDummyTestRunner.m in Sources */ = {isa = PBXBuildFile; fileRef = F3C06E36216E3AE2003989B2 /* SPXDummyTestRunner.m */; };
		F3C06E38216E4148003989B2 /* dummytest.m in Sources */ = {isa = PBXBuildFile; fileRef = 3CCD06D22157F71E00A348DB /* dummytest.m */; };
		F3C06E39216E435E003989B2 /* test_audio.mm in Sources */ = {isa = PBXBuildFile; fileRef = 3CCD06D02157F71E00A348DB /* test_audio.mm */; };
		F3C06E3B216E439C003989B2 /* SPXAudioTestRunner.m in Sources */ = {isa = PBXBuildFile; fileRef = F3C06E3A216E439C003989B2 /* SPXAudioTestRunner.m */; };
		F3C06E3C216E4737003989B2 /* TurnOnTheLamp.wav in Resources */ = {isa = PBXBuildFile; fileRef = 3C5D93EB2146856B000C7129 /* TurnOnTheLamp.wav */; };
		F3EABACD21639F6000BA4B2C /* SPXSpeechRecognitionTest.m in Sources */ = {isa = PBXBuildFile; fileRef = 3CA6CFA2211F471600CD2768 /* SPXSpeechRecognitionTest.m */; };
		F3EABACE21639F6300BA4B2C /* SPXTranslationRecognitionTest.m in Sources */ = {isa = PBXBuildFile; fileRef = F3EABABD2163887500BA4B2C /* SPXTranslationRecognitionTest.m */; };
		F3EABAD12163AD9900BA4B2C /* MicrosoftCognitiveServicesSpeech.framework in Resources */ = {isa = PBXBuildFile; fileRef = 3CCD06D82157F77D00A348DB /* MicrosoftCognitiveServicesSpeech.framework */; };
		F3EABAD22163B3E200BA4B2C /* whatstheweatherlike.wav in Resources */ = {isa = PBXBuildFile; fileRef = 3CC3789B2121CFD600F07A66 /* whatstheweatherlike.wav */; };
/* End PBXBuildFile section */

/* Begin PBXContainerItemProxy section */
		F3EABAC821639F5700BA4B2C /* PBXContainerItemProxy */ = {
			isa = PBXContainerItemProxy;
			containerPortal = 3CA6CF7E211F471500CD2768 /* Project object */;
			proxyType = 1;
			remoteGlobalIDString = 3CA6CF85211F471500CD2768;
			remoteInfo = SpeechSDK_iOS;
		};
/* End PBXContainerItemProxy section */

/* Begin PBXCopyFilesBuildPhase section */
		3CCD06DB2157F77D00A348DB /* Embed Frameworks */ = {
			isa = PBXCopyFilesBuildPhase;
			buildActionMask = 2147483647;
			dstPath = "";
			dstSubfolderSpec = 10;
			files = (
				3CCD06DA2157F77D00A348DB /* MicrosoftCognitiveServicesSpeech.framework in Embed Frameworks */,
			);
			name = "Embed Frameworks";
			runOnlyForDeploymentPostprocessing = 0;
		};
/* End PBXCopyFilesBuildPhase section */

/* Begin PBXFileReference section */
		3C5D93EB2146856B000C7129 /* TurnOnTheLamp.wav */ = {isa = PBXFileReference; lastKnownFileType = audio.wav; name = TurnOnTheLamp.wav; path = ../../../input/audio/TurnOnTheLamp.wav; sourceTree = "<group>"; };
		3C5D93F92146CC61000C7129 /* test.m */ = {isa = PBXFileReference; fileEncoding = 4; lastKnownFileType = sourcecode.c.objc; name = test.m; path = ../../shared/test.m; sourceTree = "<group>"; };
		3C5D93FB2146CD40000C7129 /* test.h */ = {isa = PBXFileReference; lastKnownFileType = sourcecode.c.h; name = test.h; path = ../../shared/test.h; sourceTree = "<group>"; };
		3CA6CF86211F471500CD2768 /* SpeechSDK_iOS.app */ = {isa = PBXFileReference; explicitFileType = wrapper.application; includeInIndex = 0; path = SpeechSDK_iOS.app; sourceTree = BUILT_PRODUCTS_DIR; };
		3CA6CF89211F471500CD2768 /* AppDelegate.h */ = {isa = PBXFileReference; lastKnownFileType = sourcecode.c.h; path = AppDelegate.h; sourceTree = "<group>"; };
		3CA6CF8A211F471500CD2768 /* AppDelegate.m */ = {isa = PBXFileReference; lastKnownFileType = sourcecode.c.objc; path = AppDelegate.m; sourceTree = "<group>"; };
		3CA6CF8C211F471500CD2768 /* ViewController.h */ = {isa = PBXFileReference; lastKnownFileType = sourcecode.c.h; path = ViewController.h; sourceTree = "<group>"; };
		3CA6CF8D211F471500CD2768 /* ViewController.m */ = {isa = PBXFileReference; lastKnownFileType = sourcecode.c.objc; path = ViewController.m; sourceTree = "<group>"; };
		3CA6CF90211F471500CD2768 /* Base */ = {isa = PBXFileReference; lastKnownFileType = file.storyboard; name = Base; path = Base.lproj/Main.storyboard; sourceTree = "<group>"; };
		3CA6CF92211F471600CD2768 /* Assets.xcassets */ = {isa = PBXFileReference; lastKnownFileType = folder.assetcatalog; path = Assets.xcassets; sourceTree = "<group>"; };
		3CA6CF95211F471600CD2768 /* Base */ = {isa = PBXFileReference; lastKnownFileType = file.storyboard; name = Base; path = Base.lproj/LaunchScreen.storyboard; sourceTree = "<group>"; };
		3CA6CF97211F471600CD2768 /* Info.plist */ = {isa = PBXFileReference; lastKnownFileType = text.plist.xml; path = Info.plist; sourceTree = "<group>"; };
		3CA6CF98211F471600CD2768 /* main.m */ = {isa = PBXFileReference; lastKnownFileType = sourcecode.c.objc; path = main.m; sourceTree = "<group>"; };
		3CA6CFA2211F471600CD2768 /* SPXSpeechRecognitionTest.m */ = {isa = PBXFileReference; lastKnownFileType = sourcecode.c.objc; path = SPXSpeechRecognitionTest.m; sourceTree = "<group>"; };
		3CC3789B2121CFD600F07A66 /* whatstheweatherlike.wav */ = {isa = PBXFileReference; lastKnownFileType = audio.wav; name = whatstheweatherlike.wav; path = ../../../input/audio/whatstheweatherlike.wav; sourceTree = "<group>"; };
		3CCD06CF2157F71D00A348DB /* microphone_test.h */ = {isa = PBXFileReference; fileEncoding = 4; lastKnownFileType = sourcecode.c.h; name = microphone_test.h; path = ../../shared/microphone_test.h; sourceTree = "<group>"; };
		3CCD06D02157F71E00A348DB /* test_audio.mm */ = {isa = PBXFileReference; fileEncoding = 4; lastKnownFileType = sourcecode.cpp.objcpp; name = test_audio.mm; path = ../../shared/test_audio.mm; sourceTree = "<group>"; };
		3CCD06D12157F71E00A348DB /* microphone_test.m */ = {isa = PBXFileReference; fileEncoding = 4; lastKnownFileType = sourcecode.c.objc; name = microphone_test.m; path = ../../shared/microphone_test.m; sourceTree = "<group>"; };
		3CCD06D22157F71E00A348DB /* dummytest.m */ = {isa = PBXFileReference; fileEncoding = 4; lastKnownFileType = sourcecode.c.objc; name = dummytest.m; path = ../../shared/dummytest.m; sourceTree = "<group>"; };
		3CCD06D32157F71E00A348DB /* dummytest.h */ = {isa = PBXFileReference; fileEncoding = 4; lastKnownFileType = sourcecode.c.h; name = dummytest.h; path = ../../shared/dummytest.h; sourceTree = "<group>"; };
		3CCD06D42157F71E00A348DB /* test_audio.h */ = {isa = PBXFileReference; fileEncoding = 4; lastKnownFileType = sourcecode.c.h; name = test_audio.h; path = ../../shared/test_audio.h; sourceTree = "<group>"; };
		3CCD06D82157F77D00A348DB /* MicrosoftCognitiveServicesSpeech.framework */ = {isa = PBXFileReference; lastKnownFileType = wrapper.framework; name = MicrosoftCognitiveServicesSpeech.framework; path = "../../../../xcode-build-output/MicrosoftCognitiveServicesSpeech.framework"; sourceTree = "<group>"; };
		F342D644216794C600B6B2FC /* MicrosoftCognitiveServicesSpeech.framework */ = {isa = PBXFileReference; lastKnownFileType = wrapper.framework; name = MicrosoftCognitiveServicesSpeech.framework; path = "../../../../xcode-build-output/MicrosoftCognitiveServicesSpeech.framework"; sourceTree = "<group>"; };
		F3C06E36216E3AE2003989B2 /* SPXDummyTestRunner.m */ = {isa = PBXFileReference; lastKnownFileType = sourcecode.c.objc; path = SPXDummyTestRunner.m; sourceTree = "<group>"; };
		F3C06E3A216E439C003989B2 /* SPXAudioTestRunner.m */ = {isa = PBXFileReference; lastKnownFileType = sourcecode.c.objc; path = SPXAudioTestRunner.m; sourceTree = "<group>"; };
		F3EABABD2163887500BA4B2C /* SPXTranslationRecognitionTest.m */ = {isa = PBXFileReference; lastKnownFileType = sourcecode.c.objc; path = SPXTranslationRecognitionTest.m; sourceTree = "<group>"; };
		F3EABAC321639F5600BA4B2C /* SpeechSDK_iOSUnitTests.xctest */ = {isa = PBXFileReference; explicitFileType = wrapper.cfbundle; includeInIndex = 0; path = SpeechSDK_iOSUnitTests.xctest; sourceTree = BUILT_PRODUCTS_DIR; };
		F3EABAC721639F5700BA4B2C /* Info.plist */ = {isa = PBXFileReference; lastKnownFileType = text.plist.xml; path = Info.plist; sourceTree = "<group>"; };
/* End PBXFileReference section */

/* Begin PBXFrameworksBuildPhase section */
		3CA6CF83211F471500CD2768 /* Frameworks */ = {
			isa = PBXFrameworksBuildPhase;
			buildActionMask = 2147483647;
			files = (
				3CCD06D92157F77D00A348DB /* MicrosoftCognitiveServicesSpeech.framework in Frameworks */,
			);
			runOnlyForDeploymentPostprocessing = 0;
		};
		F3EABAC021639F5600BA4B2C /* Frameworks */ = {
			isa = PBXFrameworksBuildPhase;
			buildActionMask = 2147483647;
			files = (
				F342D645216794C600B6B2FC /* MicrosoftCognitiveServicesSpeech.framework in Frameworks */,
			);
			runOnlyForDeploymentPostprocessing = 0;
		};
/* End PBXFrameworksBuildPhase section */

/* Begin PBXGroup section */
		3CA6CF7D211F471500CD2768 = {
			isa = PBXGroup;
			children = (
				3CCD06D82157F77D00A348DB /* MicrosoftCognitiveServicesSpeech.framework */,
				3C5D93EB2146856B000C7129 /* TurnOnTheLamp.wav */,
				3CC3789B2121CFD600F07A66 /* whatstheweatherlike.wav */,
				3CA6CF88211F471500CD2768 /* SpeechSDK_iOS */,
				F3EABAC421639F5700BA4B2C /* SpeechSDK_iOSUnitTests */,
				3CA6CF87211F471500CD2768 /* Products */,
				A2AB0BC02152FB9800171A08 /* Frameworks */,
			);
			sourceTree = "<group>";
		};
		3CA6CF87211F471500CD2768 /* Products */ = {
			isa = PBXGroup;
			children = (
				3CA6CF86211F471500CD2768 /* SpeechSDK_iOS.app */,
				F3EABAC321639F5600BA4B2C /* SpeechSDK_iOSUnitTests.xctest */,
			);
			name = Products;
			sourceTree = "<group>";
		};
		3CA6CF88211F471500CD2768 /* SpeechSDK_iOS */ = {
			isa = PBXGroup;
			children = (
				3CCD06D32157F71E00A348DB /* dummytest.h */,
				3CCD06D22157F71E00A348DB /* dummytest.m */,
				3CCD06CF2157F71D00A348DB /* microphone_test.h */,
				3CCD06D12157F71E00A348DB /* microphone_test.m */,
				3CCD06D42157F71E00A348DB /* test_audio.h */,
				3CCD06D02157F71E00A348DB /* test_audio.mm */,
				3C5D93F92146CC61000C7129 /* test.m */,
				3CA6CF89211F471500CD2768 /* AppDelegate.h */,
				3CA6CF8A211F471500CD2768 /* AppDelegate.m */,
				3CA6CF8C211F471500CD2768 /* ViewController.h */,
				3CA6CF8D211F471500CD2768 /* ViewController.m */,
				3CA6CF8F211F471500CD2768 /* Main.storyboard */,
				3CA6CF92211F471600CD2768 /* Assets.xcassets */,
				3CA6CF94211F471600CD2768 /* LaunchScreen.storyboard */,
				3CA6CF97211F471600CD2768 /* Info.plist */,
				3CA6CF98211F471600CD2768 /* main.m */,
				3C5D93FB2146CD40000C7129 /* test.h */,
			);
			path = SpeechSDK_iOS;
			sourceTree = "<group>";
		};
		A2AB0BC02152FB9800171A08 /* Frameworks */ = {
			isa = PBXGroup;
			children = (
				F342D644216794C600B6B2FC /* MicrosoftCognitiveServicesSpeech.framework */,
			);
			name = Frameworks;
			sourceTree = "<group>";
		};
		F3EABAC421639F5700BA4B2C /* SpeechSDK_iOSUnitTests */ = {
			isa = PBXGroup;
			children = (
				F3C06E3A216E439C003989B2 /* SPXAudioTestRunner.m */,
				3CA6CFA2211F471600CD2768 /* SPXSpeechRecognitionTest.m */,
				F3EABABD2163887500BA4B2C /* SPXTranslationRecognitionTest.m */,
				F3C06E36216E3AE2003989B2 /* SPXDummyTestRunner.m */,
				F3EABAC721639F5700BA4B2C /* Info.plist */,
			);
			path = SpeechSDK_iOSUnitTests;
			sourceTree = "<group>";
		};
/* End PBXGroup section */

/* Begin PBXNativeTarget section */
		3CA6CF85211F471500CD2768 /* SpeechSDK_iOS */ = {
			isa = PBXNativeTarget;
			buildConfigurationList = 3CA6CFA7211F471600CD2768 /* Build configuration list for PBXNativeTarget "SpeechSDK_iOS" */;
			buildPhases = (
				3CA6CF82211F471500CD2768 /* Sources */,
				3CA6CF83211F471500CD2768 /* Frameworks */,
				3CA6CF84211F471500CD2768 /* Resources */,
				3CCD06DB2157F77D00A348DB /* Embed Frameworks */,
			);
			buildRules = (
			);
			dependencies = (
			);
			name = SpeechSDK_iOS;
			productName = SpeechSDK_iOS;
			productReference = 3CA6CF86211F471500CD2768 /* SpeechSDK_iOS.app */;
			productType = "com.apple.product-type.application";
		};
		F3EABAC221639F5600BA4B2C /* SpeechSDK_iOSUnitTests */ = {
			isa = PBXNativeTarget;
			buildConfigurationList = F3EABACA21639F5700BA4B2C /* Build configuration list for PBXNativeTarget "SpeechSDK_iOSUnitTests" */;
			buildPhases = (
				F3EABABF21639F5600BA4B2C /* Sources */,
				F3EABAC021639F5600BA4B2C /* Frameworks */,
				F3EABAC121639F5600BA4B2C /* Resources */,
			);
			buildRules = (
			);
			dependencies = (
				F3EABAC921639F5700BA4B2C /* PBXTargetDependency */,
			);
			name = SpeechSDK_iOSUnitTests;
			productName = SpeechSDK_iOSUnitTests;
			productReference = F3EABAC321639F5600BA4B2C /* SpeechSDK_iOSUnitTests.xctest */;
			productType = "com.apple.product-type.bundle.unit-test";
		};
/* End PBXNativeTarget section */

/* Begin PBXProject section */
		3CA6CF7E211F471500CD2768 /* Project object */ = {
			isa = PBXProject;
			attributes = {
				LastUpgradeCheck = 0940;
				ORGANIZATIONNAME = MSFT;
				TargetAttributes = {
					3CA6CF85211F471500CD2768 = {
						CreatedOnToolsVersion = 9.4.1;
						ProvisioningStyle = Automatic;
					};
					F3EABAC221639F5600BA4B2C = {
						CreatedOnToolsVersion = 9.4.1;
						ProvisioningStyle = Automatic;
					};
				};
			};
			buildConfigurationList = 3CA6CF81211F471500CD2768 /* Build configuration list for PBXProject "SpeechSDK_iOS" */;
			compatibilityVersion = "Xcode 8.0";
			developmentRegion = en;
			hasScannedForEncodings = 0;
			knownRegions = (
				en,
				Base,
			);
			mainGroup = 3CA6CF7D211F471500CD2768;
			productRefGroup = 3CA6CF87211F471500CD2768 /* Products */;
			projectDirPath = "";
			projectRoot = "";
			targets = (
				3CA6CF85211F471500CD2768 /* SpeechSDK_iOS */,
				F3EABAC221639F5600BA4B2C /* SpeechSDK_iOSUnitTests */,
			);
		};
/* End PBXProject section */

/* Begin PBXResourcesBuildPhase section */
		3CA6CF84211F471500CD2768 /* Resources */ = {
			isa = PBXResourcesBuildPhase;
			buildActionMask = 2147483647;
			files = (
				3CC3789C2121CFD600F07A66 /* whatstheweatherlike.wav in Resources */,
				3CA6CF96211F471600CD2768 /* LaunchScreen.storyboard in Resources */,
				3CA6CF93211F471600CD2768 /* Assets.xcassets in Resources */,
				3C5D93EC2146856B000C7129 /* TurnOnTheLamp.wav in Resources */,
				3CA6CF91211F471500CD2768 /* Main.storyboard in Resources */,
			);
			runOnlyForDeploymentPostprocessing = 0;
		};
		F3EABAC121639F5600BA4B2C /* Resources */ = {
			isa = PBXResourcesBuildPhase;
			buildActionMask = 2147483647;
			files = (
				F3EABAD22163B3E200BA4B2C /* whatstheweatherlike.wav in Resources */,
				F3C06E3C216E4737003989B2 /* TurnOnTheLamp.wav in Resources */,
				F3EABAD12163AD9900BA4B2C /* MicrosoftCognitiveServicesSpeech.framework in Resources */,
			);
			runOnlyForDeploymentPostprocessing = 0;
		};
/* End PBXResourcesBuildPhase section */

/* Begin PBXSourcesBuildPhase section */
		3CA6CF82211F471500CD2768 /* Sources */ = {
			isa = PBXSourcesBuildPhase;
			buildActionMask = 2147483647;
			files = (
				3CA6CF8E211F471500CD2768 /* ViewController.m in Sources */,
				3CCD06D62157F71E00A348DB /* microphone_test.m in Sources */,
				3C5D93FA2146CC61000C7129 /* test.m in Sources */,
				3CA6CF99211F471600CD2768 /* main.m in Sources */,
				3CA6CF8B211F471500CD2768 /* AppDelegate.m in Sources */,
				3CCD06D52157F71E00A348DB /* test_audio.mm in Sources */,
				3CCD06D72157F71E00A348DB /* dummytest.m in Sources */,
			);
			runOnlyForDeploymentPostprocessing = 0;
		};
		F3EABABF21639F5600BA4B2C /* Sources */ = {
			isa = PBXSourcesBuildPhase;
			buildActionMask = 2147483647;
			files = (
				F3C06E3B216E439C003989B2 /* SPXAudioTestRunner.m in Sources */,
				F3C06E37216E3AE2003989B2 /* SPXDummyTestRunner.m in Sources */,
				F3EABACE21639F6300BA4B2C /* SPXTranslationRecognitionTest.m in Sources */,
				F3C06E38216E4148003989B2 /* dummytest.m in Sources */,
				F3EABACD21639F6000BA4B2C /* SPXSpeechRecognitionTest.m in Sources */,
				F3C06E39216E435E003989B2 /* test_audio.mm in Sources */,
			);
			runOnlyForDeploymentPostprocessing = 0;
		};
/* End PBXSourcesBuildPhase section */

/* Begin PBXTargetDependency section */
		F3EABAC921639F5700BA4B2C /* PBXTargetDependency */ = {
			isa = PBXTargetDependency;
			target = 3CA6CF85211F471500CD2768 /* SpeechSDK_iOS */;
			targetProxy = F3EABAC821639F5700BA4B2C /* PBXContainerItemProxy */;
		};
/* End PBXTargetDependency section */

/* Begin PBXVariantGroup section */
		3CA6CF8F211F471500CD2768 /* Main.storyboard */ = {
			isa = PBXVariantGroup;
			children = (
				3CA6CF90211F471500CD2768 /* Base */,
			);
			name = Main.storyboard;
			sourceTree = "<group>";
		};
		3CA6CF94211F471600CD2768 /* LaunchScreen.storyboard */ = {
			isa = PBXVariantGroup;
			children = (
				3CA6CF95211F471600CD2768 /* Base */,
			);
			name = LaunchScreen.storyboard;
			sourceTree = "<group>";
		};
/* End PBXVariantGroup section */

/* Begin XCBuildConfiguration section */
		3CA6CFA5211F471600CD2768 /* Debug */ = {
			isa = XCBuildConfiguration;
			buildSettings = {
				ALWAYS_SEARCH_USER_PATHS = NO;
				CLANG_ANALYZER_NONNULL = YES;
				CLANG_ANALYZER_NUMBER_OBJECT_CONVERSION = YES_AGGRESSIVE;
				CLANG_CXX_LANGUAGE_STANDARD = "gnu++14";
				CLANG_CXX_LIBRARY = "libc++";
				CLANG_ENABLE_MODULES = YES;
				CLANG_ENABLE_OBJC_ARC = YES;
				CLANG_ENABLE_OBJC_WEAK = YES;
				CLANG_WARN_BLOCK_CAPTURE_AUTORELEASING = YES;
				CLANG_WARN_BOOL_CONVERSION = YES;
				CLANG_WARN_COMMA = YES;
				CLANG_WARN_CONSTANT_CONVERSION = YES;
				CLANG_WARN_DEPRECATED_OBJC_IMPLEMENTATIONS = YES;
				CLANG_WARN_DIRECT_OBJC_ISA_USAGE = YES_ERROR;
				CLANG_WARN_DOCUMENTATION_COMMENTS = YES;
				CLANG_WARN_EMPTY_BODY = YES;
				CLANG_WARN_ENUM_CONVERSION = YES;
				CLANG_WARN_INFINITE_RECURSION = YES;
				CLANG_WARN_INT_CONVERSION = YES;
				CLANG_WARN_NON_LITERAL_NULL_CONVERSION = YES;
				CLANG_WARN_OBJC_IMPLICIT_RETAIN_SELF = YES;
				CLANG_WARN_OBJC_LITERAL_CONVERSION = YES;
				CLANG_WARN_OBJC_ROOT_CLASS = YES_ERROR;
				CLANG_WARN_RANGE_LOOP_ANALYSIS = YES;
				CLANG_WARN_STRICT_PROTOTYPES = YES;
				CLANG_WARN_SUSPICIOUS_MOVE = YES;
				CLANG_WARN_UNGUARDED_AVAILABILITY = YES_AGGRESSIVE;
				CLANG_WARN_UNREACHABLE_CODE = YES;
				CLANG_WARN__DUPLICATE_METHOD_MATCH = YES;
				CODE_SIGN_IDENTITY = "iPhone Developer";
				COPY_PHASE_STRIP = NO;
				DEBUG_INFORMATION_FORMAT = dwarf;
				ENABLE_STRICT_OBJC_MSGSEND = YES;
				ENABLE_TESTABILITY = YES;
				FRAMEWORK_SEARCH_PATHS = "$(SRCROOT)/../../../../xcode-build-output/**";
				GCC_C_LANGUAGE_STANDARD = gnu11;
				GCC_DYNAMIC_NO_PIC = NO;
				GCC_NO_COMMON_BLOCKS = YES;
				GCC_OPTIMIZATION_LEVEL = 0;
				GCC_PREPROCESSOR_DEFINITIONS = (
					"DEBUG=1",
					"$(inherited)",
				);
				GCC_WARN_64_TO_32_BIT_CONVERSION = YES;
				GCC_WARN_ABOUT_RETURN_TYPE = YES_ERROR;
				GCC_WARN_UNDECLARED_SELECTOR = YES;
				GCC_WARN_UNINITIALIZED_AUTOS = YES_AGGRESSIVE;
				GCC_WARN_UNUSED_FUNCTION = YES;
				GCC_WARN_UNUSED_VARIABLE = YES;
				HEADER_SEARCH_PATHS = "$(SRCROOT)/../../../../xcode-build-output/**";
				IPHONEOS_DEPLOYMENT_TARGET = 11.4;
				MTL_ENABLE_DEBUG_INFO = YES;
				ONLY_ACTIVE_ARCH = YES;
				SDKROOT = iphoneos;
			};
			name = Debug;
		};
		3CA6CFA6211F471600CD2768 /* Release */ = {
			isa = XCBuildConfiguration;
			buildSettings = {
				ALWAYS_SEARCH_USER_PATHS = NO;
				CLANG_ANALYZER_NONNULL = YES;
				CLANG_ANALYZER_NUMBER_OBJECT_CONVERSION = YES_AGGRESSIVE;
				CLANG_CXX_LANGUAGE_STANDARD = "gnu++14";
				CLANG_CXX_LIBRARY = "libc++";
				CLANG_ENABLE_MODULES = YES;
				CLANG_ENABLE_OBJC_ARC = YES;
				CLANG_ENABLE_OBJC_WEAK = YES;
				CLANG_WARN_BLOCK_CAPTURE_AUTORELEASING = YES;
				CLANG_WARN_BOOL_CONVERSION = YES;
				CLANG_WARN_COMMA = YES;
				CLANG_WARN_CONSTANT_CONVERSION = YES;
				CLANG_WARN_DEPRECATED_OBJC_IMPLEMENTATIONS = YES;
				CLANG_WARN_DIRECT_OBJC_ISA_USAGE = YES_ERROR;
				CLANG_WARN_DOCUMENTATION_COMMENTS = YES;
				CLANG_WARN_EMPTY_BODY = YES;
				CLANG_WARN_ENUM_CONVERSION = YES;
				CLANG_WARN_INFINITE_RECURSION = YES;
				CLANG_WARN_INT_CONVERSION = YES;
				CLANG_WARN_NON_LITERAL_NULL_CONVERSION = YES;
				CLANG_WARN_OBJC_IMPLICIT_RETAIN_SELF = YES;
				CLANG_WARN_OBJC_LITERAL_CONVERSION = YES;
				CLANG_WARN_OBJC_ROOT_CLASS = YES_ERROR;
				CLANG_WARN_RANGE_LOOP_ANALYSIS = YES;
				CLANG_WARN_STRICT_PROTOTYPES = YES;
				CLANG_WARN_SUSPICIOUS_MOVE = YES;
				CLANG_WARN_UNGUARDED_AVAILABILITY = YES_AGGRESSIVE;
				CLANG_WARN_UNREACHABLE_CODE = YES;
				CLANG_WARN__DUPLICATE_METHOD_MATCH = YES;
				CODE_SIGN_IDENTITY = "iPhone Developer";
				COPY_PHASE_STRIP = NO;
				DEBUG_INFORMATION_FORMAT = "dwarf-with-dsym";
				ENABLE_NS_ASSERTIONS = NO;
				ENABLE_STRICT_OBJC_MSGSEND = YES;
				FRAMEWORK_SEARCH_PATHS = "$(SRCROOT)/../../../../xcode-build-output/**";
				GCC_C_LANGUAGE_STANDARD = gnu11;
				GCC_NO_COMMON_BLOCKS = YES;
				GCC_WARN_64_TO_32_BIT_CONVERSION = YES;
				GCC_WARN_ABOUT_RETURN_TYPE = YES_ERROR;
				GCC_WARN_UNDECLARED_SELECTOR = YES;
				GCC_WARN_UNINITIALIZED_AUTOS = YES_AGGRESSIVE;
				GCC_WARN_UNUSED_FUNCTION = YES;
				GCC_WARN_UNUSED_VARIABLE = YES;
				HEADER_SEARCH_PATHS = "$(SRCROOT)/../../../../xcode-build-output/**";
				IPHONEOS_DEPLOYMENT_TARGET = 11.4;
				MTL_ENABLE_DEBUG_INFO = NO;
				SDKROOT = iphoneos;
				VALIDATE_PRODUCT = YES;
			};
			name = Release;
		};
		3CA6CFA8211F471600CD2768 /* Debug */ = {
			isa = XCBuildConfiguration;
			buildSettings = {
				ARCHS = (
					"$(ARCHS_STANDARD)",
					i386,
				);
				ASSETCATALOG_COMPILER_APPICON_NAME = AppIcon;
				CODE_SIGN_IDENTITY = "iPhone Developer";
				CODE_SIGN_STYLE = Automatic;
				DEVELOPMENT_TEAM = 6H88U8258Q;
				ENABLE_BITCODE = NO;
				FRAMEWORK_SEARCH_PATHS = "$(SRCROOT)/../../../../xcode-build-output/**";
				HEADER_SEARCH_PATHS = "";
				INFOPLIST_FILE = SpeechSDK_iOS/Info.plist;
				IPHONEOS_DEPLOYMENT_TARGET = 9.2;
				LD_RUNPATH_SEARCH_PATHS = "$(inherited) @executable_path/Frameworks";
				OTHER_LDFLAGS = (
					"$(inherited)",
					"-v",
					"-framework",
					MicrosoftCognitiveServicesSpeech,
				);
				PRODUCT_BUNDLE_IDENTIFIER = com.microsoft.cognitiveservices;
				PRODUCT_NAME = "$(TARGET_NAME)";
				PROVISIONING_PROFILE = "";
				PROVISIONING_PROFILE_SPECIFIER = "";
				RUN_CLANG_STATIC_ANALYZER = YES;
				TARGETED_DEVICE_FAMILY = "1,2";
			};
			name = Debug;
		};
		3CA6CFA9211F471600CD2768 /* Release */ = {
			isa = XCBuildConfiguration;
			buildSettings = {
				ARCHS = (
					"$(ARCHS_STANDARD)",
					i386,
				);
				ASSETCATALOG_COMPILER_APPICON_NAME = AppIcon;
				CODE_SIGN_IDENTITY = "iPhone Developer";
				CODE_SIGN_STYLE = Automatic;
				DEVELOPMENT_TEAM = UBF8T346G9;
				ENABLE_BITCODE = NO;
				FRAMEWORK_SEARCH_PATHS = "$(SRCROOT)/../../../../xcode-build-output/**";
				HEADER_SEARCH_PATHS = "";
				INFOPLIST_FILE = SpeechSDK_iOS/Info.plist;
				IPHONEOS_DEPLOYMENT_TARGET = 9.2;
				LD_RUNPATH_SEARCH_PATHS = "$(inherited) @executable_path/Frameworks";
				OTHER_LDFLAGS = (
					"$(inherited)",
					"-v",
					"-framework",
					MicrosoftCognitiveServicesSpeech,
				);
				PRODUCT_BUNDLE_IDENTIFIER = com.microsoft.cognitiveservices;
				PRODUCT_NAME = "$(TARGET_NAME)";
				PROVISIONING_PROFILE = "";
				PROVISIONING_PROFILE_SPECIFIER = "";
				RUN_CLANG_STATIC_ANALYZER = YES;
				TARGETED_DEVICE_FAMILY = "1,2";
			};
			name = Release;
		};
		F3EABACB21639F5700BA4B2C /* Debug */ = {
			isa = XCBuildConfiguration;
			buildSettings = {
				ARCHS = (
					arm7s,
					arm7,
					"$(ARCHS_STANDARD)",
					i386,
				);
				CODE_SIGN_STYLE = Automatic;
				DEVELOPMENT_TEAM = NK6235ZV5V;
				INFOPLIST_FILE = SpeechSDK_iOSUnitTests/Info.plist;
				IPHONEOS_DEPLOYMENT_TARGET = 9.2;
				LD_RUNPATH_SEARCH_PATHS = "$(inherited) @executable_path/Frameworks @loader_path/Frameworks $(SRCROOT)/../../../../xcode-build-output/";
				PRODUCT_BUNDLE_IDENTIFIER = "testorg.SpeechSDK-iOSUnitTests";
				PRODUCT_NAME = "$(TARGET_NAME)";
				TARGETED_DEVICE_FAMILY = "1,2";
			};
			name = Debug;
		};
		F3EABACC21639F5700BA4B2C /* Release */ = {
			isa = XCBuildConfiguration;
			buildSettings = {
				ARCHS = (
					arm7s,
					arm7,
					"$(ARCHS_STANDARD)",
					i386,
				);
				CODE_SIGN_STYLE = Automatic;
				DEVELOPMENT_TEAM = NK6235ZV5V;
				INFOPLIST_FILE = SpeechSDK_iOSUnitTests/Info.plist;
				IPHONEOS_DEPLOYMENT_TARGET = 9.2;
				LD_RUNPATH_SEARCH_PATHS = "$(inherited) @executable_path/Frameworks @loader_path/Frameworks $(SRCROOT)/../../../../xcode-build-output/";
				PRODUCT_BUNDLE_IDENTIFIER = "testorg.SpeechSDK-iOSUnitTests";
				PRODUCT_NAME = "$(TARGET_NAME)";
				TARGETED_DEVICE_FAMILY = "1,2";
			};
			name = Release;
		};
/* End XCBuildConfiguration section */

/* Begin XCConfigurationList section */
		3CA6CF81211F471500CD2768 /* Build configuration list for PBXProject "SpeechSDK_iOS" */ = {
			isa = XCConfigurationList;
			buildConfigurations = (
				3CA6CFA5211F471600CD2768 /* Debug */,
				3CA6CFA6211F471600CD2768 /* Release */,
			);
			defaultConfigurationIsVisible = 0;
			defaultConfigurationName = Release;
		};
		3CA6CFA7211F471600CD2768 /* Build configuration list for PBXNativeTarget "SpeechSDK_iOS" */ = {
			isa = XCConfigurationList;
			buildConfigurations = (
				3CA6CFA8211F471600CD2768 /* Debug */,
				3CA6CFA9211F471600CD2768 /* Release */,
			);
			defaultConfigurationIsVisible = 0;
			defaultConfigurationName = Release;
		};
		F3EABACA21639F5700BA4B2C /* Build configuration list for PBXNativeTarget "SpeechSDK_iOSUnitTests" */ = {
			isa = XCConfigurationList;
			buildConfigurations = (
				F3EABACB21639F5700BA4B2C /* Debug */,
				F3EABACC21639F5700BA4B2C /* Release */,
			);
			defaultConfigurationIsVisible = 0;
			defaultConfigurationName = Release;
		};
/* End XCConfigurationList section */
	};
	rootObject = 3CA6CF7E211F471500CD2768 /* Project object */;
}
